// !$*UTF8*$!
{
	archiveVersion = 1;
	classes = {
	};
	objectVersion = 46;
	objects = {

/* Begin PBXBuildFile section */
		322D57E61F06481A001A5615 /* main.m in Sources */ = {isa = PBXBuildFile; fileRef = 322D57E51F06481A001A5615 /* main.m */; };
		322D57E91F06481A001A5615 /* AppDelegate.m in Sources */ = {isa = PBXBuildFile; fileRef = 322D57E81F06481A001A5615 /* AppDelegate.m */; };
		322D57EC1F06481A001A5615 /* ViewController.m in Sources */ = {isa = PBXBuildFile; fileRef = 322D57EB1F06481A001A5615 /* ViewController.m */; };
		322D57EF1F06481A001A5615 /* Main.storyboard in Resources */ = {isa = PBXBuildFile; fileRef = 322D57ED1F06481A001A5615 /* Main.storyboard */; };
		322D57F21F06481A001A5615 /* RemoteControl.xcdatamodeld in Sources */ = {isa = PBXBuildFile; fileRef = 322D57F01F06481A001A5615 /* RemoteControl.xcdatamodeld */; };
		322D57F41F06481A001A5615 /* Assets.xcassets in Resources */ = {isa = PBXBuildFile; fileRef = 322D57F31F06481A001A5615 /* Assets.xcassets */; };
		322D57F71F06481A001A5615 /* LaunchScreen.storyboard in Resources */ = {isa = PBXBuildFile; fileRef = 322D57F51F06481A001A5615 /* LaunchScreen.storyboard */; };
		322D58071F065272001A5615 /* GDataXMLNode.m in Sources */ = {isa = PBXBuildFile; fileRef = 322D58061F065272001A5615 /* GDataXMLNode.m */; };
		322D580A1F09DBDB001A5615 /* InfraredData.m in Sources */ = {isa = PBXBuildFile; fileRef = 322D58091F09DBDB001A5615 /* InfraredData.m */; };
		322D580D1F09E1EE001A5615 /* TVProgramData.m in Sources */ = {isa = PBXBuildFile; fileRef = 322D580C1F09E1EE001A5615 /* TVProgramData.m */; };
		322D58131F09E38E001A5615 /* CommonHeadFile.m in Sources */ = {isa = PBXBuildFile; fileRef = 322D58121F09E38E001A5615 /* CommonHeadFile.m */; };
		322D581A1F09ECCA001A5615 /* key.xml in Resources */ = {isa = PBXBuildFile; fileRef = 322D58191F09ECCA001A5615 /* key.xml */; };
		322D581C1F0A0B5C001A5615 /* plusData.xml in Resources */ = {isa = PBXBuildFile; fileRef = 322D581B1F0A0B5C001A5615 /* plusData.xml */; };
		32C998971F0CBB92005E6946 /* OperatorVC.m in Sources */ = {isa = PBXBuildFile; fileRef = 32C998961F0CBB92005E6946 /* OperatorVC.m */; };
		32C998991F0CC1B7005E6946 /* CoreLocation.framework in Frameworks */ = {isa = PBXBuildFile; fileRef = 32C998981F0CC1B7005E6946 /* CoreLocation.framework */; };
		32C9989C1F0CC7ED005E6946 /* OperatorView.m in Sources */ = {isa = PBXBuildFile; fileRef = 32C9989B1F0CC7ED005E6946 /* OperatorView.m */; };
		32C9989F1F0CE3AE005E6946 /* RCHeaderChooseViewScrollView.m in Sources */ = {isa = PBXBuildFile; fileRef = 32C9989E1F0CE3AE005E6946 /* RCHeaderChooseViewScrollView.m */; };
		32C998A21F0CE91B005E6946 /* MainCollectionViewCell.m in Sources */ = {isa = PBXBuildFile; fileRef = 32C998A11F0CE91B005E6946 /* MainCollectionViewCell.m */; };
		32C998A51F0CE9A0005E6946 /* HotCollectionViewCell.m in Sources */ = {isa = PBXBuildFile; fileRef = 32C998A41F0CE9A0005E6946 /* HotCollectionViewCell.m */; };
		32C998E11F0F719B005E6946 /* HotSearchCollectionViewCell.m in Sources */ = {isa = PBXBuildFile; fileRef = 32C998DA1F0F719B005E6946 /* HotSearchCollectionViewCell.m */; };
		32C998E21F0F719B005E6946 /* HotSearchCollectionViewCell.xib in Resources */ = {isa = PBXBuildFile; fileRef = 32C998DB1F0F719B005E6946 /* HotSearchCollectionViewCell.xib */; };
		32C998E31F0F719B005E6946 /* HotSearchTableViewCell.m in Sources */ = {isa = PBXBuildFile; fileRef = 32C998DD1F0F719B005E6946 /* HotSearchTableViewCell.m */; };
		32C998E41F0F719B005E6946 /* SearchView.m in Sources */ = {isa = PBXBuildFile; fileRef = 32C998DF1F0F719B005E6946 /* SearchView.m */; };
		32C998EA1F0F78E3005E6946 /* SearchHistoryRecordfooter.m in Sources */ = {isa = PBXBuildFile; fileRef = 32C998E61F0F78E3005E6946 /* SearchHistoryRecordfooter.m */; };
		32C998EB1F0F78E3005E6946 /* SearchHistoryRecordfooter.xib in Resources */ = {isa = PBXBuildFile; fileRef = 32C998E71F0F78E3005E6946 /* SearchHistoryRecordfooter.xib */; };
		32C998EC1F0F78E3005E6946 /* SearchRecordTableViewCell.m in Sources */ = {isa = PBXBuildFile; fileRef = 32C998E91F0F78E3005E6946 /* SearchRecordTableViewCell.m */; };
		32C998EF1F0F8875005E6946 /* NavigationView.m in Sources */ = {isa = PBXBuildFile; fileRef = 32C998EE1F0F8875005E6946 /* NavigationView.m */; };
		32F6EB981F0A377200906BDD /* FMDatabase.m in Sources */ = {isa = PBXBuildFile; fileRef = 32F6EB8D1F0A377100906BDD /* FMDatabase.m */; };
		32F6EB991F0A377200906BDD /* FMDatabaseAdditions.m in Sources */ = {isa = PBXBuildFile; fileRef = 32F6EB8F1F0A377100906BDD /* FMDatabaseAdditions.m */; };
		32F6EB9A1F0A377200906BDD /* FMDatabasePool.m in Sources */ = {isa = PBXBuildFile; fileRef = 32F6EB911F0A377200906BDD /* FMDatabasePool.m */; };
		32F6EB9B1F0A377200906BDD /* FMDatabaseQueue.m in Sources */ = {isa = PBXBuildFile; fileRef = 32F6EB931F0A377200906BDD /* FMDatabaseQueue.m */; };
		32F6EB9C1F0A377200906BDD /* FMResultSet.m in Sources */ = {isa = PBXBuildFile; fileRef = 32F6EB961F0A377200906BDD /* FMResultSet.m */; };
		32F6EB9D1F0A377200906BDD /* Info.plist in Resources */ = {isa = PBXBuildFile; fileRef = 32F6EB971F0A377200906BDD /* Info.plist */; };
		32F6EBA01F0A378A00906BDD /* libsqlite3.0.tbd in Frameworks */ = {isa = PBXBuildFile; fileRef = 32F6EB9F1F0A378A00906BDD /* libsqlite3.0.tbd */; };
		32F6EBA31F0A384200906BDD /* FMDBHelp.m in Sources */ = {isa = PBXBuildFile; fileRef = 32F6EBA21F0A384200906BDD /* FMDBHelp.m */; };
/* End PBXBuildFile section */

/* Begin PBXFileReference section */
		322D57E11F06481A001A5615 /* RemoteControl.app */ = {isa = PBXFileReference; explicitFileType = wrapper.application; includeInIndex = 0; path = RemoteControl.app; sourceTree = BUILT_PRODUCTS_DIR; };
		322D57E51F06481A001A5615 /* main.m */ = {isa = PBXFileReference; lastKnownFileType = sourcecode.c.objc; path = main.m; sourceTree = "<group>"; };
		322D57E71F06481A001A5615 /* AppDelegate.h */ = {isa = PBXFileReference; lastKnownFileType = sourcecode.c.h; path = AppDelegate.h; sourceTree = "<group>"; };
		322D57E81F06481A001A5615 /* AppDelegate.m */ = {isa = PBXFileReference; lastKnownFileType = sourcecode.c.objc; path = AppDelegate.m; sourceTree = "<group>"; };
		322D57EA1F06481A001A5615 /* ViewController.h */ = {isa = PBXFileReference; lastKnownFileType = sourcecode.c.h; path = ViewController.h; sourceTree = "<group>"; };
		322D57EB1F06481A001A5615 /* ViewController.m */ = {isa = PBXFileReference; lastKnownFileType = sourcecode.c.objc; path = ViewController.m; sourceTree = "<group>"; };
		322D57EE1F06481A001A5615 /* Base */ = {isa = PBXFileReference; lastKnownFileType = file.storyboard; name = Base; path = Base.lproj/Main.storyboard; sourceTree = "<group>"; };
		322D57F11F06481A001A5615 /* RemoteControl.xcdatamodel */ = {isa = PBXFileReference; lastKnownFileType = wrapper.xcdatamodel; path = RemoteControl.xcdatamodel; sourceTree = "<group>"; };
		322D57F31F06481A001A5615 /* Assets.xcassets */ = {isa = PBXFileReference; lastKnownFileType = folder.assetcatalog; path = Assets.xcassets; sourceTree = "<group>"; };
		322D57F61F06481A001A5615 /* Base */ = {isa = PBXFileReference; lastKnownFileType = file.storyboard; name = Base; path = Base.lproj/LaunchScreen.storyboard; sourceTree = "<group>"; };
		322D57F81F06481A001A5615 /* Info.plist */ = {isa = PBXFileReference; lastKnownFileType = text.plist.xml; path = Info.plist; sourceTree = "<group>"; };
		322D58051F065272001A5615 /* GDataXMLNode.h */ = {isa = PBXFileReference; fileEncoding = 4; lastKnownFileType = sourcecode.c.h; path = GDataXMLNode.h; sourceTree = "<group>"; };
		322D58061F065272001A5615 /* GDataXMLNode.m */ = {isa = PBXFileReference; fileEncoding = 4; lastKnownFileType = sourcecode.c.objc; path = GDataXMLNode.m; sourceTree = "<group>"; };
		322D58081F09DBDB001A5615 /* InfraredData.h */ = {isa = PBXFileReference; fileEncoding = 4; lastKnownFileType = sourcecode.c.h; path = InfraredData.h; sourceTree = "<group>"; };
		322D58091F09DBDB001A5615 /* InfraredData.m */ = {isa = PBXFileReference; fileEncoding = 4; lastKnownFileType = sourcecode.c.objc; path = InfraredData.m; sourceTree = "<group>"; };
		322D580B1F09E1EE001A5615 /* TVProgramData.h */ = {isa = PBXFileReference; fileEncoding = 4; lastKnownFileType = sourcecode.c.h; path = TVProgramData.h; sourceTree = "<group>"; };
		322D580C1F09E1EE001A5615 /* TVProgramData.m */ = {isa = PBXFileReference; fileEncoding = 4; lastKnownFileType = sourcecode.c.objc; path = TVProgramData.m; sourceTree = "<group>"; };
		322D58111F09E38E001A5615 /* CommonHeadFile.h */ = {isa = PBXFileReference; fileEncoding = 4; lastKnownFileType = sourcecode.c.h; path = CommonHeadFile.h; sourceTree = "<group>"; };
		322D58121F09E38E001A5615 /* CommonHeadFile.m */ = {isa = PBXFileReference; fileEncoding = 4; lastKnownFileType = sourcecode.c.objc; path = CommonHeadFile.m; sourceTree = "<group>"; };
		322D58191F09ECCA001A5615 /* key.xml */ = {isa = PBXFileReference; fileEncoding = 4; lastKnownFileType = text.xml; path = key.xml; sourceTree = "<group>"; };
		322D581B1F0A0B5C001A5615 /* plusData.xml */ = {isa = PBXFileReference; fileEncoding = 4; lastKnownFileType = text.xml; path = plusData.xml; sourceTree = "<group>"; };
		32C998941F0B96EC005E6946 /* Macro.h */ = {isa = PBXFileReference; lastKnownFileType = sourcecode.c.h; path = Macro.h; sourceTree = "<group>"; };
		32C998951F0CBB92005E6946 /* OperatorVC.h */ = {isa = PBXFileReference; fileEncoding = 4; lastKnownFileType = sourcecode.c.h; path = OperatorVC.h; sourceTree = "<group>"; };
		32C998961F0CBB92005E6946 /* OperatorVC.m */ = {isa = PBXFileReference; fileEncoding = 4; lastKnownFileType = sourcecode.c.objc; path = OperatorVC.m; sourceTree = "<group>"; };
		32C998981F0CC1B7005E6946 /* CoreLocation.framework */ = {isa = PBXFileReference; lastKnownFileType = wrapper.framework; name = CoreLocation.framework; path = System/Library/Frameworks/CoreLocation.framework; sourceTree = SDKROOT; };
		32C9989A1F0CC7ED005E6946 /* OperatorView.h */ = {isa = PBXFileReference; fileEncoding = 4; lastKnownFileType = sourcecode.c.h; name = OperatorView.h; path = ../OperatorView.h; sourceTree = "<group>"; };
		32C9989B1F0CC7ED005E6946 /* OperatorView.m */ = {isa = PBXFileReference; fileEncoding = 4; lastKnownFileType = sourcecode.c.objc; name = OperatorView.m; path = ../OperatorView.m; sourceTree = "<group>"; };
		32C9989D1F0CE3AE005E6946 /* RCHeaderChooseViewScrollView.h */ = {isa = PBXFileReference; fileEncoding = 4; lastKnownFileType = sourcecode.c.h; path = RCHeaderChooseViewScrollView.h; sourceTree = "<group>"; };
		32C9989E1F0CE3AE005E6946 /* RCHeaderChooseViewScrollView.m */ = {isa = PBXFileReference; fileEncoding = 4; lastKnownFileType = sourcecode.c.objc; path = RCHeaderChooseViewScrollView.m; sourceTree = "<group>"; };
		32C998A01F0CE91B005E6946 /* MainCollectionViewCell.h */ = {isa = PBXFileReference; fileEncoding = 4; lastKnownFileType = sourcecode.c.h; path = MainCollectionViewCell.h; sourceTree = "<group>"; };
		32C998A11F0CE91B005E6946 /* MainCollectionViewCell.m */ = {isa = PBXFileReference; fileEncoding = 4; lastKnownFileType = sourcecode.c.objc; path = MainCollectionViewCell.m; sourceTree = "<group>"; };
		32C998A31F0CE9A0005E6946 /* HotCollectionViewCell.h */ = {isa = PBXFileReference; fileEncoding = 4; lastKnownFileType = sourcecode.c.h; path = HotCollectionViewCell.h; sourceTree = "<group>"; };
		32C998A41F0CE9A0005E6946 /* HotCollectionViewCell.m */ = {isa = PBXFileReference; fileEncoding = 4; lastKnownFileType = sourcecode.c.objc; path = HotCollectionViewCell.m; sourceTree = "<group>"; };
		32C998D91F0F719B005E6946 /* HotSearchCollectionViewCell.h */ = {isa = PBXFileReference; fileEncoding = 4; lastKnownFileType = sourcecode.c.h; path = HotSearchCollectionViewCell.h; sourceTree = "<group>"; };
		32C998DA1F0F719B005E6946 /* HotSearchCollectionViewCell.m */ = {isa = PBXFileReference; fileEncoding = 4; lastKnownFileType = sourcecode.c.objc; path = HotSearchCollectionViewCell.m; sourceTree = "<group>"; };
		32C998DB1F0F719B005E6946 /* HotSearchCollectionViewCell.xib */ = {isa = PBXFileReference; fileEncoding = 4; lastKnownFileType = file.xib; path = HotSearchCollectionViewCell.xib; sourceTree = "<group>"; };
		32C998DC1F0F719B005E6946 /* HotSearchTableViewCell.h */ = {isa = PBXFileReference; fileEncoding = 4; lastKnownFileType = sourcecode.c.h; path = HotSearchTableViewCell.h; sourceTree = "<group>"; };
		32C998DD1F0F719B005E6946 /* HotSearchTableViewCell.m */ = {isa = PBXFileReference; fileEncoding = 4; lastKnownFileType = sourcecode.c.objc; path = HotSearchTableViewCell.m; sourceTree = "<group>"; };
		32C998DE1F0F719B005E6946 /* SearchView.h */ = {isa = PBXFileReference; fileEncoding = 4; lastKnownFileType = sourcecode.c.h; path = SearchView.h; sourceTree = "<group>"; };
		32C998DF1F0F719B005E6946 /* SearchView.m */ = {isa = PBXFileReference; fileEncoding = 4; lastKnownFileType = sourcecode.c.objc; path = SearchView.m; sourceTree = "<group>"; };
		32C998E51F0F78E3005E6946 /* SearchHistoryRecordfooter.h */ = {isa = PBXFileReference; fileEncoding = 4; lastKnownFileType = sourcecode.c.h; path = SearchHistoryRecordfooter.h; sourceTree = "<group>"; };
		32C998E61F0F78E3005E6946 /* SearchHistoryRecordfooter.m */ = {isa = PBXFileReference; fileEncoding = 4; lastKnownFileType = sourcecode.c.objc; path = SearchHistoryRecordfooter.m; sourceTree = "<group>"; };
		32C998E71F0F78E3005E6946 /* SearchHistoryRecordfooter.xib */ = {isa = PBXFileReference; fileEncoding = 4; lastKnownFileType = file.xib; path = SearchHistoryRecordfooter.xib; sourceTree = "<group>"; };
		32C998E81F0F78E3005E6946 /* SearchRecordTableViewCell.h */ = {isa = PBXFileReference; fileEncoding = 4; lastKnownFileType = sourcecode.c.h; path = SearchRecordTableViewCell.h; sourceTree = "<group>"; };
		32C998E91F0F78E3005E6946 /* SearchRecordTableViewCell.m */ = {isa = PBXFileReference; fileEncoding = 4; lastKnownFileType = sourcecode.c.objc; path = SearchRecordTableViewCell.m; sourceTree = "<group>"; };
		32C998ED1F0F8875005E6946 /* NavigationView.h */ = {isa = PBXFileReference; fileEncoding = 4; lastKnownFileType = sourcecode.c.h; path = NavigationView.h; sourceTree = "<group>"; };
		32C998EE1F0F8875005E6946 /* NavigationView.m */ = {isa = PBXFileReference; fileEncoding = 4; lastKnownFileType = sourcecode.c.objc; path = NavigationView.m; sourceTree = "<group>"; };
		32F6EB8C1F0A377100906BDD /* FMDatabase.h */ = {isa = PBXFileReference; fileEncoding = 4; lastKnownFileType = sourcecode.c.h; path = FMDatabase.h; sourceTree = "<group>"; };
		32F6EB8D1F0A377100906BDD /* FMDatabase.m */ = {isa = PBXFileReference; fileEncoding = 4; lastKnownFileType = sourcecode.c.objc; path = FMDatabase.m; sourceTree = "<group>"; };
		32F6EB8E1F0A377100906BDD /* FMDatabaseAdditions.h */ = {isa = PBXFileReference; fileEncoding = 4; lastKnownFileType = sourcecode.c.h; path = FMDatabaseAdditions.h; sourceTree = "<group>"; };
		32F6EB8F1F0A377100906BDD /* FMDatabaseAdditions.m */ = {isa = PBXFileReference; fileEncoding = 4; lastKnownFileType = sourcecode.c.objc; path = FMDatabaseAdditions.m; sourceTree = "<group>"; };
		32F6EB901F0A377100906BDD /* FMDatabasePool.h */ = {isa = PBXFileReference; fileEncoding = 4; lastKnownFileType = sourcecode.c.h; path = FMDatabasePool.h; sourceTree = "<group>"; };
		32F6EB911F0A377200906BDD /* FMDatabasePool.m */ = {isa = PBXFileReference; fileEncoding = 4; lastKnownFileType = sourcecode.c.objc; path = FMDatabasePool.m; sourceTree = "<group>"; };
		32F6EB921F0A377200906BDD /* FMDatabaseQueue.h */ = {isa = PBXFileReference; fileEncoding = 4; lastKnownFileType = sourcecode.c.h; path = FMDatabaseQueue.h; sourceTree = "<group>"; };
		32F6EB931F0A377200906BDD /* FMDatabaseQueue.m */ = {isa = PBXFileReference; fileEncoding = 4; lastKnownFileType = sourcecode.c.objc; path = FMDatabaseQueue.m; sourceTree = "<group>"; };
		32F6EB941F0A377200906BDD /* FMDB.h */ = {isa = PBXFileReference; fileEncoding = 4; lastKnownFileType = sourcecode.c.h; path = FMDB.h; sourceTree = "<group>"; };
		32F6EB951F0A377200906BDD /* FMResultSet.h */ = {isa = PBXFileReference; fileEncoding = 4; lastKnownFileType = sourcecode.c.h; path = FMResultSet.h; sourceTree = "<group>"; };
		32F6EB961F0A377200906BDD /* FMResultSet.m */ = {isa = PBXFileReference; fileEncoding = 4; lastKnownFileType = sourcecode.c.objc; path = FMResultSet.m; sourceTree = "<group>"; };
		32F6EB971F0A377200906BDD /* Info.plist */ = {isa = PBXFileReference; fileEncoding = 4; lastKnownFileType = text.plist.xml; path = Info.plist; sourceTree = "<group>"; };
		32F6EB9F1F0A378A00906BDD /* libsqlite3.0.tbd */ = {isa = PBXFileReference; lastKnownFileType = "sourcecode.text-based-dylib-definition"; name = libsqlite3.0.tbd; path = usr/lib/libsqlite3.0.tbd; sourceTree = SDKROOT; };
		32F6EBA11F0A384200906BDD /* FMDBHelp.h */ = {isa = PBXFileReference; fileEncoding = 4; lastKnownFileType = sourcecode.c.h; path = FMDBHelp.h; sourceTree = "<group>"; };
		32F6EBA21F0A384200906BDD /* FMDBHelp.m */ = {isa = PBXFileReference; fileEncoding = 4; lastKnownFileType = sourcecode.c.objc; path = FMDBHelp.m; sourceTree = "<group>"; };
/* End PBXFileReference section */

/* Begin PBXFrameworksBuildPhase section */
		322D57DE1F06481A001A5615 /* Frameworks */ = {
			isa = PBXFrameworksBuildPhase;
			buildActionMask = 2147483647;
			files = (
				32C998991F0CC1B7005E6946 /* CoreLocation.framework in Frameworks */,
				32F6EBA01F0A378A00906BDD /* libsqlite3.0.tbd in Frameworks */,
			);
			runOnlyForDeploymentPostprocessing = 0;
		};
/* End PBXFrameworksBuildPhase section */

/* Begin PBXGroup section */
		322D57D81F06481A001A5615 = {
			isa = PBXGroup;
			children = (
				32C998941F0B96EC005E6946 /* Macro.h */,
				322D58031F065272001A5615 /* Helper */,
				322D57E31F06481A001A5615 /* RemoteControl */,
				322D57E21F06481A001A5615 /* Products */,
				32F6EB9E1F0A378A00906BDD /* Frameworks */,
			);
			sourceTree = "<group>";
		};
		322D57E21F06481A001A5615 /* Products */ = {
			isa = PBXGroup;
			children = (
				322D57E11F06481A001A5615 /* RemoteControl.app */,
			);
			name = Products;
			sourceTree = "<group>";
		};
		322D57E31F06481A001A5615 /* RemoteControl */ = {
			isa = PBXGroup;
			children = (
				32C998D61F0F719B005E6946 /* SearchView */,
				322D57E71F06481A001A5615 /* AppDelegate.h */,
				322D57E81F06481A001A5615 /* AppDelegate.m */,
				322D57EA1F06481A001A5615 /* ViewController.h */,
				322D57EB1F06481A001A5615 /* ViewController.m */,
				322D57ED1F06481A001A5615 /* Main.storyboard */,
				322D57F31F06481A001A5615 /* Assets.xcassets */,
				322D57F51F06481A001A5615 /* LaunchScreen.storyboard */,
				322D57F81F06481A001A5615 /* Info.plist */,
				322D57F01F06481A001A5615 /* RemoteControl.xcdatamodeld */,
				322D57E41F06481A001A5615 /* Supporting Files */,
				32C998951F0CBB92005E6946 /* OperatorVC.h */,
				32C998961F0CBB92005E6946 /* OperatorVC.m */,
				32C9989A1F0CC7ED005E6946 /* OperatorView.h */,
				32C9989B1F0CC7ED005E6946 /* OperatorView.m */,
				32C9989D1F0CE3AE005E6946 /* RCHeaderChooseViewScrollView.h */,
				32C9989E1F0CE3AE005E6946 /* RCHeaderChooseViewScrollView.m */,
				32C998A01F0CE91B005E6946 /* MainCollectionViewCell.h */,
				32C998A11F0CE91B005E6946 /* MainCollectionViewCell.m */,
				32C998A31F0CE9A0005E6946 /* HotCollectionViewCell.h */,
				32C998A41F0CE9A0005E6946 /* HotCollectionViewCell.m */,
				32C998ED1F0F8875005E6946 /* NavigationView.h */,
				32C998EE1F0F8875005E6946 /* NavigationView.m */,
			);
			path = RemoteControl;
			sourceTree = "<group>";
		};
		322D57E41F06481A001A5615 /* Supporting Files */ = {
			isa = PBXGroup;
			children = (
				322D57E51F06481A001A5615 /* main.m */,
			);
			name = "Supporting Files";
			sourceTree = "<group>";
		};
		322D58031F065272001A5615 /* Helper */ = {
			isa = PBXGroup;
			children = (
				32F6EB8B1F0A377100906BDD /* fmdb */,
				322D581B1F0A0B5C001A5615 /* plusData.xml */,
				322D58191F09ECCA001A5615 /* key.xml */,
				322D58041F065272001A5615 /* GDataXML */,
				322D58081F09DBDB001A5615 /* InfraredData.h */,
				322D58091F09DBDB001A5615 /* InfraredData.m */,
				322D580B1F09E1EE001A5615 /* TVProgramData.h */,
				322D580C1F09E1EE001A5615 /* TVProgramData.m */,
				322D58111F09E38E001A5615 /* CommonHeadFile.h */,
				322D58121F09E38E001A5615 /* CommonHeadFile.m */,
				32F6EBA11F0A384200906BDD /* FMDBHelp.h */,
				32F6EBA21F0A384200906BDD /* FMDBHelp.m */,
			);
			path = Helper;
			sourceTree = "<group>";
		};
		322D58041F065272001A5615 /* GDataXML */ = {
			isa = PBXGroup;
			children = (
				322D58051F065272001A5615 /* GDataXMLNode.h */,
				322D58061F065272001A5615 /* GDataXMLNode.m */,
			);
			path = GDataXML;
			sourceTree = "<group>";
		};
		32C998D61F0F719B005E6946 /* SearchView */ = {
			isa = PBXGroup;
			children = (
				32C998E51F0F78E3005E6946 /* SearchHistoryRecordfooter.h */,
				32C998E61F0F78E3005E6946 /* SearchHistoryRecordfooter.m */,
				32C998E71F0F78E3005E6946 /* SearchHistoryRecordfooter.xib */,
				32C998E81F0F78E3005E6946 /* SearchRecordTableViewCell.h */,
				32C998E91F0F78E3005E6946 /* SearchRecordTableViewCell.m */,
				32C998D91F0F719B005E6946 /* HotSearchCollectionViewCell.h */,
				32C998DA1F0F719B005E6946 /* HotSearchCollectionViewCell.m */,
				32C998DB1F0F719B005E6946 /* HotSearchCollectionViewCell.xib */,
				32C998DC1F0F719B005E6946 /* HotSearchTableViewCell.h */,
				32C998DD1F0F719B005E6946 /* HotSearchTableViewCell.m */,
				32C998DE1F0F719B005E6946 /* SearchView.h */,
				32C998DF1F0F719B005E6946 /* SearchView.m */,
			);
			path = SearchView;
			sourceTree = "<group>";
		};
		32F6EB8B1F0A377100906BDD /* fmdb */ = {
			isa = PBXGroup;
			children = (
				32F6EB8C1F0A377100906BDD /* FMDatabase.h */,
				32F6EB8D1F0A377100906BDD /* FMDatabase.m */,
				32F6EB8E1F0A377100906BDD /* FMDatabaseAdditions.h */,
				32F6EB8F1F0A377100906BDD /* FMDatabaseAdditions.m */,
				32F6EB901F0A377100906BDD /* FMDatabasePool.h */,
				32F6EB911F0A377200906BDD /* FMDatabasePool.m */,
				32F6EB921F0A377200906BDD /* FMDatabaseQueue.h */,
				32F6EB931F0A377200906BDD /* FMDatabaseQueue.m */,
				32F6EB941F0A377200906BDD /* FMDB.h */,
				32F6EB951F0A377200906BDD /* FMResultSet.h */,
				32F6EB961F0A377200906BDD /* FMResultSet.m */,
				32F6EB971F0A377200906BDD /* Info.plist */,
			);
			path = fmdb;
			sourceTree = "<group>";
		};
		32F6EB9E1F0A378A00906BDD /* Frameworks */ = {
			isa = PBXGroup;
			children = (
				32C998981F0CC1B7005E6946 /* CoreLocation.framework */,
				32F6EB9F1F0A378A00906BDD /* libsqlite3.0.tbd */,
			);
			name = Frameworks;
			sourceTree = "<group>";
		};
/* End PBXGroup section */

/* Begin PBXNativeTarget section */
		322D57E01F06481A001A5615 /* RemoteControl */ = {
			isa = PBXNativeTarget;
			buildConfigurationList = 322D57FB1F06481A001A5615 /* Build configuration list for PBXNativeTarget "RemoteControl" */;
			buildPhases = (
				322D57DD1F06481A001A5615 /* Sources */,
				322D57DE1F06481A001A5615 /* Frameworks */,
				322D57DF1F06481A001A5615 /* Resources */,
			);
			buildRules = (
			);
			dependencies = (
			);
			name = RemoteControl;
			productName = RemoteControl;
			productReference = 322D57E11F06481A001A5615 /* RemoteControl.app */;
			productType = "com.apple.product-type.application";
		};
/* End PBXNativeTarget section */

/* Begin PBXProject section */
		322D57D91F06481A001A5615 /* Project object */ = {
			isa = PBXProject;
			attributes = {
				LastUpgradeCheck = 0830;
				ORGANIZATIONNAME = "VIA Technologies, Inc. & OLAMI Team";
				TargetAttributes = {
					322D57E01F06481A001A5615 = {
						CreatedOnToolsVersion = 8.3.2;
						DevelopmentTeam = 3CAWU27LX9;
						ProvisioningStyle = Automatic;
					};
				};
			};
			buildConfigurationList = 322D57DC1F06481A001A5615 /* Build configuration list for PBXProject "RemoteControl" */;
			compatibilityVersion = "Xcode 3.2";
			developmentRegion = English;
			hasScannedForEncodings = 0;
			knownRegions = (
				en,
				Base,
			);
			mainGroup = 322D57D81F06481A001A5615;
			productRefGroup = 322D57E21F06481A001A5615 /* Products */;
			projectDirPath = "";
			projectRoot = "";
			targets = (
				322D57E01F06481A001A5615 /* RemoteControl */,
			);
		};
/* End PBXProject section */

/* Begin PBXResourcesBuildPhase section */
		322D57DF1F06481A001A5615 /* Resources */ = {
			isa = PBXResourcesBuildPhase;
			buildActionMask = 2147483647;
			files = (
				32C998E21F0F719B005E6946 /* HotSearchCollectionViewCell.xib in Resources */,
				322D581C1F0A0B5C001A5615 /* plusData.xml in Resources */,
				322D57F71F06481A001A5615 /* LaunchScreen.storyboard in Resources */,
				32F6EB9D1F0A377200906BDD /* Info.plist in Resources */,
				32C998EB1F0F78E3005E6946 /* SearchHistoryRecordfooter.xib in Resources */,
				322D57F41F06481A001A5615 /* Assets.xcassets in Resources */,
				322D57EF1F06481A001A5615 /* Main.storyboard in Resources */,
				322D581A1F09ECCA001A5615 /* key.xml in Resources */,
			);
			runOnlyForDeploymentPostprocessing = 0;
		};
/* End PBXResourcesBuildPhase section */

/* Begin PBXSourcesBuildPhase section */
		322D57DD1F06481A001A5615 /* Sources */ = {
			isa = PBXSourcesBuildPhase;
			buildActionMask = 2147483647;
			files = (
				32C9989C1F0CC7ED005E6946 /* OperatorView.m in Sources */,
				322D57EC1F06481A001A5615 /* ViewController.m in Sources */,
				32F6EB9A1F0A377200906BDD /* FMDatabasePool.m in Sources */,
				32F6EB9C1F0A377200906BDD /* FMResultSet.m in Sources */,
				32C998A51F0CE9A0005E6946 /* HotCollectionViewCell.m in Sources */,
				322D57E91F06481A001A5615 /* AppDelegate.m in Sources */,
				32C998EC1F0F78E3005E6946 /* SearchRecordTableViewCell.m in Sources */,
				32C998EA1F0F78E3005E6946 /* SearchHistoryRecordfooter.m in Sources */,
				32C998EF1F0F8875005E6946 /* NavigationView.m in Sources */,
				322D58071F065272001A5615 /* GDataXMLNode.m in Sources */,
				32F6EB9B1F0A377200906BDD /* FMDatabaseQueue.m in Sources */,
				32F6EBA31F0A384200906BDD /* FMDBHelp.m in Sources */,
				32C998E41F0F719B005E6946 /* SearchView.m in Sources */,
				32F6EB981F0A377200906BDD /* FMDatabase.m in Sources */,
				322D57E61F06481A001A5615 /* main.m in Sources */,
				322D580A1F09DBDB001A5615 /* InfraredData.m in Sources */,
				32C998E11F0F719B005E6946 /* HotSearchCollectionViewCell.m in Sources */,
				32C998A21F0CE91B005E6946 /* MainCollectionViewCell.m in Sources */,
				322D57F21F06481A001A5615 /* RemoteControl.xcdatamodeld in Sources */,
				32F6EB991F0A377200906BDD /* FMDatabaseAdditions.m in Sources */,
				32C9989F1F0CE3AE005E6946 /* RCHeaderChooseViewScrollView.m in Sources */,
				32C998971F0CBB92005E6946 /* OperatorVC.m in Sources */,
				32C998E31F0F719B005E6946 /* HotSearchTableViewCell.m in Sources */,
				322D58131F09E38E001A5615 /* CommonHeadFile.m in Sources */,
				322D580D1F09E1EE001A5615 /* TVProgramData.m in Sources */,
			);
			runOnlyForDeploymentPostprocessing = 0;
		};
/* End PBXSourcesBuildPhase section */

/* Begin PBXVariantGroup section */
		322D57ED1F06481A001A5615 /* Main.storyboard */ = {
			isa = PBXVariantGroup;
			children = (
				322D57EE1F06481A001A5615 /* Base */,
			);
			name = Main.storyboard;
			sourceTree = "<group>";
		};
		322D57F51F06481A001A5615 /* LaunchScreen.storyboard */ = {
			isa = PBXVariantGroup;
			children = (
				322D57F61F06481A001A5615 /* Base */,
			);
			name = LaunchScreen.storyboard;
			sourceTree = "<group>";
		};
/* End PBXVariantGroup section */

/* Begin XCBuildConfiguration section */
		322D57F91F06481A001A5615 /* Debug */ = {
			isa = XCBuildConfiguration;
			buildSettings = {
				ALWAYS_SEARCH_USER_PATHS = NO;
				CLANG_ANALYZER_NONNULL = YES;
				CLANG_ANALYZER_NUMBER_OBJECT_CONVERSION = YES_AGGRESSIVE;
				CLANG_CXX_LANGUAGE_STANDARD = "gnu++0x";
				CLANG_CXX_LIBRARY = "libc++";
				CLANG_ENABLE_MODULES = YES;
				CLANG_ENABLE_OBJC_ARC = YES;
				CLANG_WARN_BOOL_CONVERSION = YES;
				CLANG_WARN_CONSTANT_CONVERSION = YES;
				CLANG_WARN_DIRECT_OBJC_ISA_USAGE = YES_ERROR;
				CLANG_WARN_DOCUMENTATION_COMMENTS = YES;
				CLANG_WARN_EMPTY_BODY = YES;
				CLANG_WARN_ENUM_CONVERSION = YES;
				CLANG_WARN_INFINITE_RECURSION = YES;
				CLANG_WARN_INT_CONVERSION = YES;
				CLANG_WARN_OBJC_ROOT_CLASS = YES_ERROR;
				CLANG_WARN_SUSPICIOUS_MOVE = YES;
				CLANG_WARN_UNREACHABLE_CODE = YES;
				CLANG_WARN__DUPLICATE_METHOD_MATCH = YES;
				"CODE_SIGN_IDENTITY[sdk=iphoneos*]" = "iPhone Developer";
				COPY_PHASE_STRIP = NO;
				DEBUG_INFORMATION_FORMAT = dwarf;
				ENABLE_STRICT_OBJC_MSGSEND = YES;
				ENABLE_TESTABILITY = YES;
				GCC_C_LANGUAGE_STANDARD = gnu99;
				GCC_DYNAMIC_NO_PIC = NO;
				GCC_NO_COMMON_BLOCKS = YES;
				GCC_OPTIMIZATION_LEVEL = 0;
				GCC_PREPROCESSOR_DEFINITIONS = (
					"DEBUG=1",
					"$(inherited)",
				);
				GCC_WARN_64_TO_32_BIT_CONVERSION = YES;
				GCC_WARN_ABOUT_RETURN_TYPE = YES_ERROR;
				GCC_WARN_UNDECLARED_SELECTOR = YES;
				GCC_WARN_UNINITIALIZED_AUTOS = YES_AGGRESSIVE;
				GCC_WARN_UNUSED_FUNCTION = YES;
				GCC_WARN_UNUSED_VARIABLE = YES;
				IPHONEOS_DEPLOYMENT_TARGET = 10.3;
				MTL_ENABLE_DEBUG_INFO = YES;
				ONLY_ACTIVE_ARCH = YES;
				SDKROOT = iphoneos;
			};
			name = Debug;
		};
		322D57FA1F06481A001A5615 /* Release */ = {
			isa = XCBuildConfiguration;
			buildSettings = {
				ALWAYS_SEARCH_USER_PATHS = NO;
				CLANG_ANALYZER_NONNULL = YES;
				CLANG_ANALYZER_NUMBER_OBJECT_CONVERSION = YES_AGGRESSIVE;
				CLANG_CXX_LANGUAGE_STANDARD = "gnu++0x";
				CLANG_CXX_LIBRARY = "libc++";
				CLANG_ENABLE_MODULES = YES;
				CLANG_ENABLE_OBJC_ARC = YES;
				CLANG_WARN_BOOL_CONVERSION = YES;
				CLANG_WARN_CONSTANT_CONVERSION = YES;
				CLANG_WARN_DIRECT_OBJC_ISA_USAGE = YES_ERROR;
				CLANG_WARN_DOCUMENTATION_COMMENTS = YES;
				CLANG_WARN_EMPTY_BODY = YES;
				CLANG_WARN_ENUM_CONVERSION = YES;
				CLANG_WARN_INFINITE_RECURSION = YES;
				CLANG_WARN_INT_CONVERSION = YES;
				CLANG_WARN_OBJC_ROOT_CLASS = YES_ERROR;
				CLANG_WARN_SUSPICIOUS_MOVE = YES;
				CLANG_WARN_UNREACHABLE_CODE = YES;
				CLANG_WARN__DUPLICATE_METHOD_MATCH = YES;
				"CODE_SIGN_IDENTITY[sdk=iphoneos*]" = "iPhone Developer";
				COPY_PHASE_STRIP = NO;
				DEBUG_INFORMATION_FORMAT = "dwarf-with-dsym";
				ENABLE_NS_ASSERTIONS = NO;
				ENABLE_STRICT_OBJC_MSGSEND = YES;
				GCC_C_LANGUAGE_STANDARD = gnu99;
				GCC_NO_COMMON_BLOCKS = YES;
				GCC_WARN_64_TO_32_BIT_CONVERSION = YES;
				GCC_WARN_ABOUT_RETURN_TYPE = YES_ERROR;
				GCC_WARN_UNDECLARED_SELECTOR = YES;
				GCC_WARN_UNINITIALIZED_AUTOS = YES_AGGRESSIVE;
				GCC_WARN_UNUSED_FUNCTION = YES;
				GCC_WARN_UNUSED_VARIABLE = YES;
				IPHONEOS_DEPLOYMENT_TARGET = 10.3;
				MTL_ENABLE_DEBUG_INFO = NO;
				SDKROOT = iphoneos;
				VALIDATE_PRODUCT = YES;
			};
			name = Release;
		};
		322D57FC1F06481A001A5615 /* Debug */ = {
			isa = XCBuildConfiguration;
			buildSettings = {
				ASSETCATALOG_COMPILER_APPICON_NAME = AppIcon;
				DEVELOPMENT_TEAM = 3CAWU27LX9;
				HEADER_SEARCH_PATHS = /usr/include/libxml2;
				INFOPLIST_FILE = RemoteControl/Info.plist;
				LD_RUNPATH_SEARCH_PATHS = "$(inherited) @executable_path/Frameworks";
				OTHER_LDFLAGS = "-lxml2";
				PRODUCT_BUNDLE_IDENTIFIER = ai.olami.RemoteControl;
				PRODUCT_NAME = "$(TARGET_NAME)";
			};
			name = Debug;
		};
		322D57FD1F06481A001A5615 /* Release */ = {
			isa = XCBuildConfiguration;
			buildSettings = {
				ASSETCATALOG_COMPILER_APPICON_NAME = AppIcon;
				DEVELOPMENT_TEAM = 3CAWU27LX9;
				HEADER_SEARCH_PATHS = /usr/include/libxml2;
				INFOPLIST_FILE = RemoteControl/Info.plist;
				LD_RUNPATH_SEARCH_PATHS = "$(inherited) @executable_path/Frameworks";
				OTHER_LDFLAGS = "-lxml2";
				PRODUCT_BUNDLE_IDENTIFIER = ai.olami.RemoteControl;
				PRODUCT_NAME = "$(TARGET_NAME)";
			};
			name = Release;
		};
/* End XCBuildConfiguration section */

/* Begin XCConfigurationList section */
		322D57DC1F06481A001A5615 /* Build configuration list for PBXProject "RemoteControl" */ = {
			isa = XCConfigurationList;
			buildConfigurations = (
				322D57F91F06481A001A5615 /* Debug */,
				322D57FA1F06481A001A5615 /* Release */,
			);
			defaultConfigurationIsVisible = 0;
			defaultConfigurationName = Release;
		};
		322D57FB1F06481A001A5615 /* Build configuration list for PBXNativeTarget "RemoteControl" */ = {
			isa = XCConfigurationList;
			buildConfigurations = (
				322D57FC1F06481A001A5615 /* Debug */,
				322D57FD1F06481A001A5615 /* Release */,
			);
			defaultConfigurationIsVisible = 0;
			defaultConfigurationName = Release;
		};
/* End XCConfigurationList section */

/* Begin XCVersionGroup section */
		322D57F01F06481A001A5615 /* RemoteControl.xcdatamodeld */ = {
			isa = XCVersionGroup;
			children = (
				322D57F11F06481A001A5615 /* RemoteControl.xcdatamodel */,
			);
			currentVersion = 322D57F11F06481A001A5615 /* RemoteControl.xcdatamodel */;
			path = RemoteControl.xcdatamodeld;
			sourceTree = "<group>";
			versionGroupType = wrapper.xcdatamodel;
		};
/* End XCVersionGroup section */
	};
	rootObject = 322D57D91F06481A001A5615 /* Project object */;
}
