// !$*UTF8*$!
{
	archiveVersion = 1;
	classes = {
	};
	objectVersion = 46;
	objects = {

/* Begin PBXBuildFile section */
		320957C11F18AFBB00A927C2 /* test.json in Resources */ = {isa = PBXBuildFile; fileRef = 320957C01F18AFBB00A927C2 /* test.json */; };
		322D57E61F06481A001A5615 /* main.m in Sources */ = {isa = PBXBuildFile; fileRef = 322D57E51F06481A001A5615 /* main.m */; };
		322D57E91F06481A001A5615 /* AppDelegate.m in Sources */ = {isa = PBXBuildFile; fileRef = 322D57E81F06481A001A5615 /* AppDelegate.m */; };
		322D57EC1F06481A001A5615 /* ViewController.m in Sources */ = {isa = PBXBuildFile; fileRef = 322D57EB1F06481A001A5615 /* ViewController.m */; };
		322D57EF1F06481A001A5615 /* Main.storyboard in Resources */ = {isa = PBXBuildFile; fileRef = 322D57ED1F06481A001A5615 /* Main.storyboard */; };
		322D57F21F06481A001A5615 /* RemoteControl.xcdatamodeld in Sources */ = {isa = PBXBuildFile; fileRef = 322D57F01F06481A001A5615 /* RemoteControl.xcdatamodeld */; };
		322D57F41F06481A001A5615 /* Assets.xcassets in Resources */ = {isa = PBXBuildFile; fileRef = 322D57F31F06481A001A5615 /* Assets.xcassets */; };
		322D57F71F06481A001A5615 /* LaunchScreen.storyboard in Resources */ = {isa = PBXBuildFile; fileRef = 322D57F51F06481A001A5615 /* LaunchScreen.storyboard */; };
		322D580A1F09DBDB001A5615 /* InfraredData.m in Sources */ = {isa = PBXBuildFile; fileRef = 322D58091F09DBDB001A5615 /* InfraredData.m */; };
		322D580D1F09E1EE001A5615 /* TVProgramData.m in Sources */ = {isa = PBXBuildFile; fileRef = 322D580C1F09E1EE001A5615 /* TVProgramData.m */; };
		322D58131F09E38E001A5615 /* CommonHeadFile.m in Sources */ = {isa = PBXBuildFile; fileRef = 322D58121F09E38E001A5615 /* CommonHeadFile.m */; };
		32AFC6F91F1F266A0032C1DB /* operator.png in Resources */ = {isa = PBXBuildFile; fileRef = 32AFC6F61F1F266A0032C1DB /* operator.png */; };
		32AFC6FA1F1F266A0032C1DB /* operator@2x.png in Resources */ = {isa = PBXBuildFile; fileRef = 32AFC6F71F1F266A0032C1DB /* operator@2x.png */; };
		32AFC6FB1F1F266A0032C1DB /* operator@3x.png in Resources */ = {isa = PBXBuildFile; fileRef = 32AFC6F81F1F266A0032C1DB /* operator@3x.png */; };
		32AFC6FF1F1F29070032C1DB /* combinedShape.png in Resources */ = {isa = PBXBuildFile; fileRef = 32AFC6FC1F1F29070032C1DB /* combinedShape.png */; };
		32AFC7001F1F29070032C1DB /* combinedShape@2x.png in Resources */ = {isa = PBXBuildFile; fileRef = 32AFC6FD1F1F29070032C1DB /* combinedShape@2x.png */; };
		32AFC7011F1F29070032C1DB /* combinedShape@3x.png in Resources */ = {isa = PBXBuildFile; fileRef = 32AFC6FE1F1F29070032C1DB /* combinedShape@3x.png */; };
		32AFC7061F1F36B10032C1DB /* OperatorViewCell.m in Sources */ = {isa = PBXBuildFile; fileRef = 32AFC7041F1F36B10032C1DB /* OperatorViewCell.m */; };
		32AFC7071F1F36B10032C1DB /* OperatorViewCell.xib in Resources */ = {isa = PBXBuildFile; fileRef = 32AFC7051F1F36B10032C1DB /* OperatorViewCell.xib */; };
		32AFC70B1F1F376F0032C1DB /* float.png in Resources */ = {isa = PBXBuildFile; fileRef = 32AFC7081F1F376F0032C1DB /* float.png */; };
		32AFC70C1F1F376F0032C1DB /* float@2x.png in Resources */ = {isa = PBXBuildFile; fileRef = 32AFC7091F1F376F0032C1DB /* float@2x.png */; };
		32AFC70D1F1F376F0032C1DB /* float@3x.png in Resources */ = {isa = PBXBuildFile; fileRef = 32AFC70A1F1F376F0032C1DB /* float@3x.png */; };
		32AFC7111F1F37760032C1DB /* circle.png in Resources */ = {isa = PBXBuildFile; fileRef = 32AFC70E1F1F37760032C1DB /* circle.png */; };
		32AFC7121F1F37760032C1DB /* circle@2x.png in Resources */ = {isa = PBXBuildFile; fileRef = 32AFC70F1F1F37760032C1DB /* circle@2x.png */; };
		32AFC7131F1F37760032C1DB /* circle@3x.png in Resources */ = {isa = PBXBuildFile; fileRef = 32AFC7101F1F37760032C1DB /* circle@3x.png */; };
		32AFC71A1F1F4AAF0032C1DB /* MBProgressHUD.m in Sources */ = {isa = PBXBuildFile; fileRef = 32AFC7181F1F4AAF0032C1DB /* MBProgressHUD.m */; };
		32AFC71D1F1F53580032C1DB /* UserManager.m in Sources */ = {isa = PBXBuildFile; fileRef = 32AFC71C1F1F53580032C1DB /* UserManager.m */; };
		32AFC7201F1F5D340032C1DB /* SelectOperatorVC.m in Sources */ = {isa = PBXBuildFile; fileRef = 32AFC71F1F1F5D340032C1DB /* SelectOperatorVC.m */; };
		32AFC72F1F204D820032C1DB /* SearchTextField.m in Sources */ = {isa = PBXBuildFile; fileRef = 32AFC72E1F204D820032C1DB /* SearchTextField.m */; };
		32AFC7361F2050FF0032C1DB /* rectangle12.png in Resources */ = {isa = PBXBuildFile; fileRef = 32AFC7301F2050FF0032C1DB /* rectangle12.png */; };
		32AFC7371F2050FF0032C1DB /* rectangle12@2x.png in Resources */ = {isa = PBXBuildFile; fileRef = 32AFC7311F2050FF0032C1DB /* rectangle12@2x.png */; };
		32AFC7381F2050FF0032C1DB /* rectangle12@3x.png in Resources */ = {isa = PBXBuildFile; fileRef = 32AFC7321F2050FF0032C1DB /* rectangle12@3x.png */; };
		32AFC7391F2050FF0032C1DB /* searchIcon.png in Resources */ = {isa = PBXBuildFile; fileRef = 32AFC7331F2050FF0032C1DB /* searchIcon.png */; };
		32AFC73A1F2050FF0032C1DB /* searchIcon@2x.png in Resources */ = {isa = PBXBuildFile; fileRef = 32AFC7341F2050FF0032C1DB /* searchIcon@2x.png */; };
		32AFC73B1F2050FF0032C1DB /* searchIcon@3x.png in Resources */ = {isa = PBXBuildFile; fileRef = 32AFC7351F2050FF0032C1DB /* searchIcon@3x.png */; };
		32AFC74B1F2057E30032C1DB /* change.png in Resources */ = {isa = PBXBuildFile; fileRef = 32AFC73C1F2057E30032C1DB /* change.png */; };
		32AFC74C1F2057E30032C1DB /* change@2x.png in Resources */ = {isa = PBXBuildFile; fileRef = 32AFC73D1F2057E30032C1DB /* change@2x.png */; };
		32AFC74D1F2057E30032C1DB /* change@3x.png in Resources */ = {isa = PBXBuildFile; fileRef = 32AFC73E1F2057E30032C1DB /* change@3x.png */; };
		32AFC74E1F2057E30032C1DB /* more.png in Resources */ = {isa = PBXBuildFile; fileRef = 32AFC73F1F2057E30032C1DB /* more.png */; };
		32AFC74F1F2057E30032C1DB /* more@2x.png in Resources */ = {isa = PBXBuildFile; fileRef = 32AFC7401F2057E30032C1DB /* more@2x.png */; };
		32AFC7501F2057E30032C1DB /* more@3x.png in Resources */ = {isa = PBXBuildFile; fileRef = 32AFC7411F2057E30032C1DB /* more@3x.png */; };
		32AFC7511F2057E30032C1DB /* speak.png in Resources */ = {isa = PBXBuildFile; fileRef = 32AFC7421F2057E30032C1DB /* speak.png */; };
		32AFC7521F2057E30032C1DB /* speak@2x.png in Resources */ = {isa = PBXBuildFile; fileRef = 32AFC7431F2057E30032C1DB /* speak@2x.png */; };
		32AFC7531F2057E30032C1DB /* speak@3x.png in Resources */ = {isa = PBXBuildFile; fileRef = 32AFC7441F2057E30032C1DB /* speak@3x.png */; };
		32AFC7541F2057E30032C1DB /* switch.png in Resources */ = {isa = PBXBuildFile; fileRef = 32AFC7451F2057E30032C1DB /* switch.png */; };
		32AFC7551F2057E30032C1DB /* switch@2x.png in Resources */ = {isa = PBXBuildFile; fileRef = 32AFC7461F2057E30032C1DB /* switch@2x.png */; };
		32AFC7561F2057E30032C1DB /* switch@3x.png in Resources */ = {isa = PBXBuildFile; fileRef = 32AFC7471F2057E30032C1DB /* switch@3x.png */; };
		32AFC7571F2057E30032C1DB /* volume.png in Resources */ = {isa = PBXBuildFile; fileRef = 32AFC7481F2057E30032C1DB /* volume.png */; };
		32AFC7581F2057E30032C1DB /* volume@2x.png in Resources */ = {isa = PBXBuildFile; fileRef = 32AFC7491F2057E30032C1DB /* volume@2x.png */; };
		32AFC7591F2057E30032C1DB /* volume@3x.png in Resources */ = {isa = PBXBuildFile; fileRef = 32AFC74A1F2057E30032C1DB /* volume@3x.png */; };
		32AFC75C1F205B300032C1DB /* VoiceView.m in Sources */ = {isa = PBXBuildFile; fileRef = 32AFC75B1F205B300032C1DB /* VoiceView.m */; };
		32AFC7601F205D6D0032C1DB /* voiceBack.png in Resources */ = {isa = PBXBuildFile; fileRef = 32AFC75D1F205D6D0032C1DB /* voiceBack.png */; };
		32AFC7611F205D6D0032C1DB /* voiceBack@2x.png in Resources */ = {isa = PBXBuildFile; fileRef = 32AFC75E1F205D6D0032C1DB /* voiceBack@2x.png */; };
		32AFC7621F205D6D0032C1DB /* voiceBack@3x.png in Resources */ = {isa = PBXBuildFile; fileRef = 32AFC75F1F205D6D0032C1DB /* voiceBack@3x.png */; };
		32AFC7651F2078150032C1DB /* NumberView.m in Sources */ = {isa = PBXBuildFile; fileRef = 32AFC7641F2078150032C1DB /* NumberView.m */; };
		32B5EBB21F219EEC00B8D5E2 /* libOlamiRecognizer.a in Frameworks */ = {isa = PBXBuildFile; fileRef = 32B5EBB01F219EEC00B8D5E2 /* libOlamiRecognizer.a */; };
		32C998971F0CBB92005E6946 /* OperatorVC.m in Sources */ = {isa = PBXBuildFile; fileRef = 32C998961F0CBB92005E6946 /* OperatorVC.m */; };
		32C998991F0CC1B7005E6946 /* CoreLocation.framework in Frameworks */ = {isa = PBXBuildFile; fileRef = 32C998981F0CC1B7005E6946 /* CoreLocation.framework */; };
		32C9989F1F0CE3AE005E6946 /* RCHeaderChooseViewScrollView.m in Sources */ = {isa = PBXBuildFile; fileRef = 32C9989E1F0CE3AE005E6946 /* RCHeaderChooseViewScrollView.m */; };
		32C998E11F0F719B005E6946 /* HotSearchCollectionViewCell.m in Sources */ = {isa = PBXBuildFile; fileRef = 32C998DA1F0F719B005E6946 /* HotSearchCollectionViewCell.m */; };
		32C998E21F0F719B005E6946 /* HotSearchCollectionViewCell.xib in Resources */ = {isa = PBXBuildFile; fileRef = 32C998DB1F0F719B005E6946 /* HotSearchCollectionViewCell.xib */; };
		32C998E31F0F719B005E6946 /* HotSearchTableViewCell.m in Sources */ = {isa = PBXBuildFile; fileRef = 32C998DD1F0F719B005E6946 /* HotSearchTableViewCell.m */; };
		32C998E41F0F719B005E6946 /* SearchView.m in Sources */ = {isa = PBXBuildFile; fileRef = 32C998DF1F0F719B005E6946 /* SearchView.m */; };
		32C998EA1F0F78E3005E6946 /* SearchHistoryRecordfooter.m in Sources */ = {isa = PBXBuildFile; fileRef = 32C998E61F0F78E3005E6946 /* SearchHistoryRecordfooter.m */; };
		32C998EB1F0F78E3005E6946 /* SearchHistoryRecordfooter.xib in Resources */ = {isa = PBXBuildFile; fileRef = 32C998E71F0F78E3005E6946 /* SearchHistoryRecordfooter.xib */; };
		32C998EC1F0F78E3005E6946 /* SearchRecordTableViewCell.m in Sources */ = {isa = PBXBuildFile; fileRef = 32C998E91F0F78E3005E6946 /* SearchRecordTableViewCell.m */; };
		32C998EF1F0F8875005E6946 /* NavigationView.m in Sources */ = {isa = PBXBuildFile; fileRef = 32C998EE1F0F8875005E6946 /* NavigationView.m */; };
		32C998F21F13458B005E6946 /* ProgramSearchView.m in Sources */ = {isa = PBXBuildFile; fileRef = 32C998F11F13458B005E6946 /* ProgramSearchView.m */; };
		32C998F51F134717005E6946 /* ProgramCollectionViewCell.m in Sources */ = {isa = PBXBuildFile; fileRef = 32C998F41F134717005E6946 /* ProgramCollectionViewCell.m */; };
		32C998F81F134996005E6946 /* ScheduleCollectionViewCell.m in Sources */ = {isa = PBXBuildFile; fileRef = 32C998F71F134996005E6946 /* ScheduleCollectionViewCell.m */; };
		32C998FE1F134B15005E6946 /* ScheduleMode.m in Sources */ = {isa = PBXBuildFile; fileRef = 32C998FD1F134B15005E6946 /* ScheduleMode.m */; };
		32C999011F134FA6005E6946 /* SettingViewController.m in Sources */ = {isa = PBXBuildFile; fileRef = 32C999001F134FA6005E6946 /* SettingViewController.m */; };
		32C999071F135201005E6946 /* ScheduleHeaderView.m in Sources */ = {isa = PBXBuildFile; fileRef = 32C999061F135201005E6946 /* ScheduleHeaderView.m */; };
		32C9990A1F135A34005E6946 /* ContentView.m in Sources */ = {isa = PBXBuildFile; fileRef = 32C999091F135A34005E6946 /* ContentView.m */; };
		32C9992E1F136026005E6946 /* Info.plist in Resources */ = {isa = PBXBuildFile; fileRef = 32C999141F136026005E6946 /* Info.plist */; };
		32C9992F1F136026005E6946 /* MASCompositeConstraint.m in Sources */ = {isa = PBXBuildFile; fileRef = 32C999161F136026005E6946 /* MASCompositeConstraint.m */; };
		32C999301F136026005E6946 /* MASConstraint.m in Sources */ = {isa = PBXBuildFile; fileRef = 32C999191F136026005E6946 /* MASConstraint.m */; };
		32C999311F136026005E6946 /* MASConstraintMaker.m in Sources */ = {isa = PBXBuildFile; fileRef = 32C9991B1F136026005E6946 /* MASConstraintMaker.m */; };
		32C999321F136026005E6946 /* MASLayoutConstraint.m in Sources */ = {isa = PBXBuildFile; fileRef = 32C9991D1F136026005E6946 /* MASLayoutConstraint.m */; };
		32C999331F136026005E6946 /* MASViewAttribute.m in Sources */ = {isa = PBXBuildFile; fileRef = 32C999211F136026005E6946 /* MASViewAttribute.m */; };
		32C999341F136026005E6946 /* MASViewConstraint.m in Sources */ = {isa = PBXBuildFile; fileRef = 32C999231F136026005E6946 /* MASViewConstraint.m */; };
		32C999351F136026005E6946 /* NSArray+MASAdditions.m in Sources */ = {isa = PBXBuildFile; fileRef = 32C999251F136026005E6946 /* NSArray+MASAdditions.m */; };
		32C999361F136026005E6946 /* NSLayoutConstraint+MASDebugAdditions.m in Sources */ = {isa = PBXBuildFile; fileRef = 32C999281F136026005E6946 /* NSLayoutConstraint+MASDebugAdditions.m */; };
		32C999371F136026005E6946 /* View+MASAdditions.m in Sources */ = {isa = PBXBuildFile; fileRef = 32C9992A1F136026005E6946 /* View+MASAdditions.m */; };
		32C999381F136026005E6946 /* ViewController+MASAdditions.m in Sources */ = {isa = PBXBuildFile; fileRef = 32C9992D1F136026005E6946 /* ViewController+MASAdditions.m */; };
		32F6EB981F0A377200906BDD /* FMDatabase.m in Sources */ = {isa = PBXBuildFile; fileRef = 32F6EB8D1F0A377100906BDD /* FMDatabase.m */; };
		32F6EB991F0A377200906BDD /* FMDatabaseAdditions.m in Sources */ = {isa = PBXBuildFile; fileRef = 32F6EB8F1F0A377100906BDD /* FMDatabaseAdditions.m */; };
		32F6EB9A1F0A377200906BDD /* FMDatabasePool.m in Sources */ = {isa = PBXBuildFile; fileRef = 32F6EB911F0A377200906BDD /* FMDatabasePool.m */; };
		32F6EB9B1F0A377200906BDD /* FMDatabaseQueue.m in Sources */ = {isa = PBXBuildFile; fileRef = 32F6EB931F0A377200906BDD /* FMDatabaseQueue.m */; };
		32F6EB9C1F0A377200906BDD /* FMResultSet.m in Sources */ = {isa = PBXBuildFile; fileRef = 32F6EB961F0A377200906BDD /* FMResultSet.m */; };
		32F6EB9D1F0A377200906BDD /* Info.plist in Resources */ = {isa = PBXBuildFile; fileRef = 32F6EB971F0A377200906BDD /* Info.plist */; };
		32F6EBA01F0A378A00906BDD /* libsqlite3.0.tbd in Frameworks */ = {isa = PBXBuildFile; fileRef = 32F6EB9F1F0A378A00906BDD /* libsqlite3.0.tbd */; };
		32F6EBA31F0A384200906BDD /* FMDBHelp.m in Sources */ = {isa = PBXBuildFile; fileRef = 32F6EBA21F0A384200906BDD /* FMDBHelp.m */; };
/* End PBXBuildFile section */

/* Begin PBXFileReference section */
		320957C01F18AFBB00A927C2 /* test.json */ = {isa = PBXFileReference; fileEncoding = 4; lastKnownFileType = text.json; path = test.json; sourceTree = "<group>"; };
		322D57E11F06481A001A5615 /* RemoteControl.app */ = {isa = PBXFileReference; explicitFileType = wrapper.application; includeInIndex = 0; path = RemoteControl.app; sourceTree = BUILT_PRODUCTS_DIR; };
		322D57E51F06481A001A5615 /* main.m */ = {isa = PBXFileReference; lastKnownFileType = sourcecode.c.objc; path = main.m; sourceTree = "<group>"; };
		322D57E71F06481A001A5615 /* AppDelegate.h */ = {isa = PBXFileReference; lastKnownFileType = sourcecode.c.h; path = AppDelegate.h; sourceTree = "<group>"; };
		322D57E81F06481A001A5615 /* AppDelegate.m */ = {isa = PBXFileReference; lastKnownFileType = sourcecode.c.objc; path = AppDelegate.m; sourceTree = "<group>"; };
		322D57EA1F06481A001A5615 /* ViewController.h */ = {isa = PBXFileReference; lastKnownFileType = sourcecode.c.h; path = ViewController.h; sourceTree = "<group>"; };
		322D57EB1F06481A001A5615 /* ViewController.m */ = {isa = PBXFileReference; lastKnownFileType = sourcecode.c.objc; path = ViewController.m; sourceTree = "<group>"; };
		322D57EE1F06481A001A5615 /* Base */ = {isa = PBXFileReference; lastKnownFileType = file.storyboard; name = Base; path = Base.lproj/Main.storyboard; sourceTree = "<group>"; };
		322D57F11F06481A001A5615 /* RemoteControl.xcdatamodel */ = {isa = PBXFileReference; lastKnownFileType = wrapper.xcdatamodel; path = RemoteControl.xcdatamodel; sourceTree = "<group>"; };
		322D57F31F06481A001A5615 /* Assets.xcassets */ = {isa = PBXFileReference; lastKnownFileType = folder.assetcatalog; path = Assets.xcassets; sourceTree = "<group>"; };
		322D57F61F06481A001A5615 /* Base */ = {isa = PBXFileReference; lastKnownFileType = file.storyboard; name = Base; path = Base.lproj/LaunchScreen.storyboard; sourceTree = "<group>"; };
		322D57F81F06481A001A5615 /* Info.plist */ = {isa = PBXFileReference; lastKnownFileType = text.plist.xml; path = Info.plist; sourceTree = "<group>"; };
		322D58081F09DBDB001A5615 /* InfraredData.h */ = {isa = PBXFileReference; fileEncoding = 4; lastKnownFileType = sourcecode.c.h; path = InfraredData.h; sourceTree = "<group>"; };
		322D58091F09DBDB001A5615 /* InfraredData.m */ = {isa = PBXFileReference; fileEncoding = 4; lastKnownFileType = sourcecode.c.objc; path = InfraredData.m; sourceTree = "<group>"; };
		322D580B1F09E1EE001A5615 /* TVProgramData.h */ = {isa = PBXFileReference; fileEncoding = 4; lastKnownFileType = sourcecode.c.h; path = TVProgramData.h; sourceTree = "<group>"; };
		322D580C1F09E1EE001A5615 /* TVProgramData.m */ = {isa = PBXFileReference; fileEncoding = 4; lastKnownFileType = sourcecode.c.objc; path = TVProgramData.m; sourceTree = "<group>"; };
		322D58111F09E38E001A5615 /* CommonHeadFile.h */ = {isa = PBXFileReference; fileEncoding = 4; lastKnownFileType = sourcecode.c.h; path = CommonHeadFile.h; sourceTree = "<group>"; };
		322D58121F09E38E001A5615 /* CommonHeadFile.m */ = {isa = PBXFileReference; fileEncoding = 4; lastKnownFileType = sourcecode.c.objc; path = CommonHeadFile.m; sourceTree = "<group>"; };
		32AFC6F61F1F266A0032C1DB /* operator.png */ = {isa = PBXFileReference; lastKnownFileType = image.png; path = operator.png; sourceTree = "<group>"; };
		32AFC6F71F1F266A0032C1DB /* operator@2x.png */ = {isa = PBXFileReference; lastKnownFileType = image.png; path = "operator@2x.png"; sourceTree = "<group>"; };
		32AFC6F81F1F266A0032C1DB /* operator@3x.png */ = {isa = PBXFileReference; lastKnownFileType = image.png; path = "operator@3x.png"; sourceTree = "<group>"; };
		32AFC6FC1F1F29070032C1DB /* combinedShape.png */ = {isa = PBXFileReference; lastKnownFileType = image.png; path = combinedShape.png; sourceTree = "<group>"; };
		32AFC6FD1F1F29070032C1DB /* combinedShape@2x.png */ = {isa = PBXFileReference; lastKnownFileType = image.png; path = "combinedShape@2x.png"; sourceTree = "<group>"; };
		32AFC6FE1F1F29070032C1DB /* combinedShape@3x.png */ = {isa = PBXFileReference; lastKnownFileType = image.png; path = "combinedShape@3x.png"; sourceTree = "<group>"; };
		32AFC7031F1F36B10032C1DB /* OperatorViewCell.h */ = {isa = PBXFileReference; fileEncoding = 4; lastKnownFileType = sourcecode.c.h; path = OperatorViewCell.h; sourceTree = "<group>"; };
		32AFC7041F1F36B10032C1DB /* OperatorViewCell.m */ = {isa = PBXFileReference; fileEncoding = 4; lastKnownFileType = sourcecode.c.objc; path = OperatorViewCell.m; sourceTree = "<group>"; };
		32AFC7051F1F36B10032C1DB /* OperatorViewCell.xib */ = {isa = PBXFileReference; fileEncoding = 4; lastKnownFileType = file.xib; path = OperatorViewCell.xib; sourceTree = "<group>"; };
		32AFC7081F1F376F0032C1DB /* float.png */ = {isa = PBXFileReference; lastKnownFileType = image.png; path = float.png; sourceTree = "<group>"; };
		32AFC7091F1F376F0032C1DB /* float@2x.png */ = {isa = PBXFileReference; lastKnownFileType = image.png; path = "float@2x.png"; sourceTree = "<group>"; };
		32AFC70A1F1F376F0032C1DB /* float@3x.png */ = {isa = PBXFileReference; lastKnownFileType = image.png; path = "float@3x.png"; sourceTree = "<group>"; };
		32AFC70E1F1F37760032C1DB /* circle.png */ = {isa = PBXFileReference; lastKnownFileType = image.png; path = circle.png; sourceTree = "<group>"; };
		32AFC70F1F1F37760032C1DB /* circle@2x.png */ = {isa = PBXFileReference; lastKnownFileType = image.png; path = "circle@2x.png"; sourceTree = "<group>"; };
		32AFC7101F1F37760032C1DB /* circle@3x.png */ = {isa = PBXFileReference; lastKnownFileType = image.png; path = "circle@3x.png"; sourceTree = "<group>"; };
		32AFC7171F1F4AAF0032C1DB /* MBProgressHUD.h */ = {isa = PBXFileReference; fileEncoding = 4; lastKnownFileType = sourcecode.c.h; path = MBProgressHUD.h; sourceTree = "<group>"; };
		32AFC7181F1F4AAF0032C1DB /* MBProgressHUD.m */ = {isa = PBXFileReference; fileEncoding = 4; lastKnownFileType = sourcecode.c.objc; path = MBProgressHUD.m; sourceTree = "<group>"; };
		32AFC71B1F1F53580032C1DB /* UserManager.h */ = {isa = PBXFileReference; fileEncoding = 4; lastKnownFileType = sourcecode.c.h; path = UserManager.h; sourceTree = "<group>"; };
		32AFC71C1F1F53580032C1DB /* UserManager.m */ = {isa = PBXFileReference; fileEncoding = 4; lastKnownFileType = sourcecode.c.objc; path = UserManager.m; sourceTree = "<group>"; };
		32AFC71E1F1F5D340032C1DB /* SelectOperatorVC.h */ = {isa = PBXFileReference; fileEncoding = 4; lastKnownFileType = sourcecode.c.h; path = SelectOperatorVC.h; sourceTree = "<group>"; };
		32AFC71F1F1F5D340032C1DB /* SelectOperatorVC.m */ = {isa = PBXFileReference; fileEncoding = 4; lastKnownFileType = sourcecode.c.objc; path = SelectOperatorVC.m; sourceTree = "<group>"; };
		32AFC72D1F204D820032C1DB /* SearchTextField.h */ = {isa = PBXFileReference; fileEncoding = 4; lastKnownFileType = sourcecode.c.h; path = SearchTextField.h; sourceTree = "<group>"; };
		32AFC72E1F204D820032C1DB /* SearchTextField.m */ = {isa = PBXFileReference; fileEncoding = 4; lastKnownFileType = sourcecode.c.objc; path = SearchTextField.m; sourceTree = "<group>"; };
		32AFC7301F2050FF0032C1DB /* rectangle12.png */ = {isa = PBXFileReference; lastKnownFileType = image.png; path = rectangle12.png; sourceTree = "<group>"; };
		32AFC7311F2050FF0032C1DB /* rectangle12@2x.png */ = {isa = PBXFileReference; lastKnownFileType = image.png; path = "rectangle12@2x.png"; sourceTree = "<group>"; };
		32AFC7321F2050FF0032C1DB /* rectangle12@3x.png */ = {isa = PBXFileReference; lastKnownFileType = image.png; path = "rectangle12@3x.png"; sourceTree = "<group>"; };
		32AFC7331F2050FF0032C1DB /* searchIcon.png */ = {isa = PBXFileReference; lastKnownFileType = image.png; path = searchIcon.png; sourceTree = "<group>"; };
		32AFC7341F2050FF0032C1DB /* searchIcon@2x.png */ = {isa = PBXFileReference; lastKnownFileType = image.png; path = "searchIcon@2x.png"; sourceTree = "<group>"; };
		32AFC7351F2050FF0032C1DB /* searchIcon@3x.png */ = {isa = PBXFileReference; lastKnownFileType = image.png; path = "searchIcon@3x.png"; sourceTree = "<group>"; };
		32AFC73C1F2057E30032C1DB /* change.png */ = {isa = PBXFileReference; lastKnownFileType = image.png; path = change.png; sourceTree = "<group>"; };
		32AFC73D1F2057E30032C1DB /* change@2x.png */ = {isa = PBXFileReference; lastKnownFileType = image.png; path = "change@2x.png"; sourceTree = "<group>"; };
		32AFC73E1F2057E30032C1DB /* change@3x.png */ = {isa = PBXFileReference; lastKnownFileType = image.png; path = "change@3x.png"; sourceTree = "<group>"; };
		32AFC73F1F2057E30032C1DB /* more.png */ = {isa = PBXFileReference; lastKnownFileType = image.png; path = more.png; sourceTree = "<group>"; };
		32AFC7401F2057E30032C1DB /* more@2x.png */ = {isa = PBXFileReference; lastKnownFileType = image.png; path = "more@2x.png"; sourceTree = "<group>"; };
		32AFC7411F2057E30032C1DB /* more@3x.png */ = {isa = PBXFileReference; lastKnownFileType = image.png; path = "more@3x.png"; sourceTree = "<group>"; };
		32AFC7421F2057E30032C1DB /* speak.png */ = {isa = PBXFileReference; lastKnownFileType = image.png; path = speak.png; sourceTree = "<group>"; };
		32AFC7431F2057E30032C1DB /* speak@2x.png */ = {isa = PBXFileReference; lastKnownFileType = image.png; path = "speak@2x.png"; sourceTree = "<group>"; };
		32AFC7441F2057E30032C1DB /* speak@3x.png */ = {isa = PBXFileReference; lastKnownFileType = image.png; path = "speak@3x.png"; sourceTree = "<group>"; };
		32AFC7451F2057E30032C1DB /* switch.png */ = {isa = PBXFileReference; lastKnownFileType = image.png; path = switch.png; sourceTree = "<group>"; };
		32AFC7461F2057E30032C1DB /* switch@2x.png */ = {isa = PBXFileReference; lastKnownFileType = image.png; path = "switch@2x.png"; sourceTree = "<group>"; };
		32AFC7471F2057E30032C1DB /* switch@3x.png */ = {isa = PBXFileReference; lastKnownFileType = image.png; path = "switch@3x.png"; sourceTree = "<group>"; };
		32AFC7481F2057E30032C1DB /* volume.png */ = {isa = PBXFileReference; lastKnownFileType = image.png; path = volume.png; sourceTree = "<group>"; };
		32AFC7491F2057E30032C1DB /* volume@2x.png */ = {isa = PBXFileReference; lastKnownFileType = image.png; path = "volume@2x.png"; sourceTree = "<group>"; };
		32AFC74A1F2057E30032C1DB /* volume@3x.png */ = {isa = PBXFileReference; lastKnownFileType = image.png; path = "volume@3x.png"; sourceTree = "<group>"; };
		32AFC75A1F205B300032C1DB /* VoiceView.h */ = {isa = PBXFileReference; fileEncoding = 4; lastKnownFileType = sourcecode.c.h; path = VoiceView.h; sourceTree = "<group>"; };
		32AFC75B1F205B300032C1DB /* VoiceView.m */ = {isa = PBXFileReference; fileEncoding = 4; lastKnownFileType = sourcecode.c.objc; path = VoiceView.m; sourceTree = "<group>"; };
		32AFC75D1F205D6D0032C1DB /* voiceBack.png */ = {isa = PBXFileReference; lastKnownFileType = image.png; path = voiceBack.png; sourceTree = "<group>"; };
		32AFC75E1F205D6D0032C1DB /* voiceBack@2x.png */ = {isa = PBXFileReference; lastKnownFileType = image.png; path = "voiceBack@2x.png"; sourceTree = "<group>"; };
		32AFC75F1F205D6D0032C1DB /* voiceBack@3x.png */ = {isa = PBXFileReference; lastKnownFileType = image.png; path = "voiceBack@3x.png"; sourceTree = "<group>"; };
		32AFC7631F2078150032C1DB /* NumberView.h */ = {isa = PBXFileReference; fileEncoding = 4; lastKnownFileType = sourcecode.c.h; path = NumberView.h; sourceTree = "<group>"; };
		32AFC7641F2078150032C1DB /* NumberView.m */ = {isa = PBXFileReference; fileEncoding = 4; lastKnownFileType = sourcecode.c.objc; path = NumberView.m; sourceTree = "<group>"; };
		32B5EBB01F219EEC00B8D5E2 /* libOlamiRecognizer.a */ = {isa = PBXFileReference; lastKnownFileType = archive.ar; path = libOlamiRecognizer.a; sourceTree = "<group>"; };
		32B5EBB11F219EEC00B8D5E2 /* OlamiRecognizer.h */ = {isa = PBXFileReference; fileEncoding = 4; lastKnownFileType = sourcecode.c.h; path = OlamiRecognizer.h; sourceTree = "<group>"; };
		32C998941F0B96EC005E6946 /* Macro.h */ = {isa = PBXFileReference; lastKnownFileType = sourcecode.c.h; name = Macro.h; path = ../Macro.h; sourceTree = "<group>"; };
		32C998951F0CBB92005E6946 /* OperatorVC.h */ = {isa = PBXFileReference; fileEncoding = 4; lastKnownFileType = sourcecode.c.h; path = OperatorVC.h; sourceTree = "<group>"; };
		32C998961F0CBB92005E6946 /* OperatorVC.m */ = {isa = PBXFileReference; fileEncoding = 4; lastKnownFileType = sourcecode.c.objc; path = OperatorVC.m; sourceTree = "<group>"; };
		32C998981F0CC1B7005E6946 /* CoreLocation.framework */ = {isa = PBXFileReference; lastKnownFileType = wrapper.framework; name = CoreLocation.framework; path = System/Library/Frameworks/CoreLocation.framework; sourceTree = SDKROOT; };
		32C9989D1F0CE3AE005E6946 /* RCHeaderChooseViewScrollView.h */ = {isa = PBXFileReference; fileEncoding = 4; lastKnownFileType = sourcecode.c.h; path = RCHeaderChooseViewScrollView.h; sourceTree = "<group>"; };
		32C9989E1F0CE3AE005E6946 /* RCHeaderChooseViewScrollView.m */ = {isa = PBXFileReference; fileEncoding = 4; lastKnownFileType = sourcecode.c.objc; path = RCHeaderChooseViewScrollView.m; sourceTree = "<group>"; };
		32C998D91F0F719B005E6946 /* HotSearchCollectionViewCell.h */ = {isa = PBXFileReference; fileEncoding = 4; lastKnownFileType = sourcecode.c.h; path = HotSearchCollectionViewCell.h; sourceTree = "<group>"; };
		32C998DA1F0F719B005E6946 /* HotSearchCollectionViewCell.m */ = {isa = PBXFileReference; fileEncoding = 4; lastKnownFileType = sourcecode.c.objc; path = HotSearchCollectionViewCell.m; sourceTree = "<group>"; };
		32C998DB1F0F719B005E6946 /* HotSearchCollectionViewCell.xib */ = {isa = PBXFileReference; fileEncoding = 4; lastKnownFileType = file.xib; path = HotSearchCollectionViewCell.xib; sourceTree = "<group>"; };
		32C998DC1F0F719B005E6946 /* HotSearchTableViewCell.h */ = {isa = PBXFileReference; fileEncoding = 4; lastKnownFileType = sourcecode.c.h; path = HotSearchTableViewCell.h; sourceTree = "<group>"; };
		32C998DD1F0F719B005E6946 /* HotSearchTableViewCell.m */ = {isa = PBXFileReference; fileEncoding = 4; lastKnownFileType = sourcecode.c.objc; path = HotSearchTableViewCell.m; sourceTree = "<group>"; };
		32C998DE1F0F719B005E6946 /* SearchView.h */ = {isa = PBXFileReference; fileEncoding = 4; lastKnownFileType = sourcecode.c.h; path = SearchView.h; sourceTree = "<group>"; };
		32C998DF1F0F719B005E6946 /* SearchView.m */ = {isa = PBXFileReference; fileEncoding = 4; lastKnownFileType = sourcecode.c.objc; path = SearchView.m; sourceTree = "<group>"; };
		32C998E51F0F78E3005E6946 /* SearchHistoryRecordfooter.h */ = {isa = PBXFileReference; fileEncoding = 4; lastKnownFileType = sourcecode.c.h; path = SearchHistoryRecordfooter.h; sourceTree = "<group>"; };
		32C998E61F0F78E3005E6946 /* SearchHistoryRecordfooter.m */ = {isa = PBXFileReference; fileEncoding = 4; lastKnownFileType = sourcecode.c.objc; path = SearchHistoryRecordfooter.m; sourceTree = "<group>"; };
		32C998E71F0F78E3005E6946 /* SearchHistoryRecordfooter.xib */ = {isa = PBXFileReference; fileEncoding = 4; lastKnownFileType = file.xib; path = SearchHistoryRecordfooter.xib; sourceTree = "<group>"; };
		32C998E81F0F78E3005E6946 /* SearchRecordTableViewCell.h */ = {isa = PBXFileReference; fileEncoding = 4; lastKnownFileType = sourcecode.c.h; path = SearchRecordTableViewCell.h; sourceTree = "<group>"; };
		32C998E91F0F78E3005E6946 /* SearchRecordTableViewCell.m */ = {isa = PBXFileReference; fileEncoding = 4; lastKnownFileType = sourcecode.c.objc; path = SearchRecordTableViewCell.m; sourceTree = "<group>"; };
		32C998ED1F0F8875005E6946 /* NavigationView.h */ = {isa = PBXFileReference; fileEncoding = 4; lastKnownFileType = sourcecode.c.h; path = NavigationView.h; sourceTree = "<group>"; };
		32C998EE1F0F8875005E6946 /* NavigationView.m */ = {isa = PBXFileReference; fileEncoding = 4; lastKnownFileType = sourcecode.c.objc; path = NavigationView.m; sourceTree = "<group>"; };
		32C998F01F13458B005E6946 /* ProgramSearchView.h */ = {isa = PBXFileReference; fileEncoding = 4; lastKnownFileType = sourcecode.c.h; path = ProgramSearchView.h; sourceTree = "<group>"; };
		32C998F11F13458B005E6946 /* ProgramSearchView.m */ = {isa = PBXFileReference; fileEncoding = 4; lastKnownFileType = sourcecode.c.objc; path = ProgramSearchView.m; sourceTree = "<group>"; };
		32C998F31F134717005E6946 /* ProgramCollectionViewCell.h */ = {isa = PBXFileReference; fileEncoding = 4; lastKnownFileType = sourcecode.c.h; path = ProgramCollectionViewCell.h; sourceTree = "<group>"; };
		32C998F41F134717005E6946 /* ProgramCollectionViewCell.m */ = {isa = PBXFileReference; fileEncoding = 4; lastKnownFileType = sourcecode.c.objc; path = ProgramCollectionViewCell.m; sourceTree = "<group>"; };
		32C998F61F134996005E6946 /* ScheduleCollectionViewCell.h */ = {isa = PBXFileReference; fileEncoding = 4; lastKnownFileType = sourcecode.c.h; path = ScheduleCollectionViewCell.h; sourceTree = "<group>"; };
		32C998F71F134996005E6946 /* ScheduleCollectionViewCell.m */ = {isa = PBXFileReference; fileEncoding = 4; lastKnownFileType = sourcecode.c.objc; path = ScheduleCollectionViewCell.m; sourceTree = "<group>"; };
		32C998FC1F134B15005E6946 /* ScheduleMode.h */ = {isa = PBXFileReference; fileEncoding = 4; lastKnownFileType = sourcecode.c.h; name = ScheduleMode.h; path = SearchView/ScheduleMode.h; sourceTree = "<group>"; };
		32C998FD1F134B15005E6946 /* ScheduleMode.m */ = {isa = PBXFileReference; fileEncoding = 4; lastKnownFileType = sourcecode.c.objc; name = ScheduleMode.m; path = SearchView/ScheduleMode.m; sourceTree = "<group>"; };
		32C998FF1F134FA6005E6946 /* SettingViewController.h */ = {isa = PBXFileReference; fileEncoding = 4; lastKnownFileType = sourcecode.c.h; path = SettingViewController.h; sourceTree = "<group>"; };
		32C999001F134FA6005E6946 /* SettingViewController.m */ = {isa = PBXFileReference; fileEncoding = 4; lastKnownFileType = sourcecode.c.objc; path = SettingViewController.m; sourceTree = "<group>"; };
		32C999051F135201005E6946 /* ScheduleHeaderView.h */ = {isa = PBXFileReference; fileEncoding = 4; lastKnownFileType = sourcecode.c.h; path = ScheduleHeaderView.h; sourceTree = "<group>"; };
		32C999061F135201005E6946 /* ScheduleHeaderView.m */ = {isa = PBXFileReference; fileEncoding = 4; lastKnownFileType = sourcecode.c.objc; path = ScheduleHeaderView.m; sourceTree = "<group>"; };
		32C999081F135A34005E6946 /* ContentView.h */ = {isa = PBXFileReference; fileEncoding = 4; lastKnownFileType = sourcecode.c.h; path = ContentView.h; sourceTree = "<group>"; };
		32C999091F135A34005E6946 /* ContentView.m */ = {isa = PBXFileReference; fileEncoding = 4; lastKnownFileType = sourcecode.c.objc; path = ContentView.m; sourceTree = "<group>"; };
		32C999141F136026005E6946 /* Info.plist */ = {isa = PBXFileReference; fileEncoding = 4; lastKnownFileType = text.plist.xml; path = Info.plist; sourceTree = "<group>"; };
		32C999151F136026005E6946 /* MASCompositeConstraint.h */ = {isa = PBXFileReference; fileEncoding = 4; lastKnownFileType = sourcecode.c.h; path = MASCompositeConstraint.h; sourceTree = "<group>"; };
		32C999161F136026005E6946 /* MASCompositeConstraint.m */ = {isa = PBXFileReference; fileEncoding = 4; lastKnownFileType = sourcecode.c.objc; path = MASCompositeConstraint.m; sourceTree = "<group>"; };
		32C999171F136026005E6946 /* MASConstraint+Private.h */ = {isa = PBXFileReference; fileEncoding = 4; lastKnownFileType = sourcecode.c.h; path = "MASConstraint+Private.h"; sourceTree = "<group>"; };
		32C999181F136026005E6946 /* MASConstraint.h */ = {isa = PBXFileReference; fileEncoding = 4; lastKnownFileType = sourcecode.c.h; path = MASConstraint.h; sourceTree = "<group>"; };
		32C999191F136026005E6946 /* MASConstraint.m */ = {isa = PBXFileReference; fileEncoding = 4; lastKnownFileType = sourcecode.c.objc; path = MASConstraint.m; sourceTree = "<group>"; };
		32C9991A1F136026005E6946 /* MASConstraintMaker.h */ = {isa = PBXFileReference; fileEncoding = 4; lastKnownFileType = sourcecode.c.h; path = MASConstraintMaker.h; sourceTree = "<group>"; };
		32C9991B1F136026005E6946 /* MASConstraintMaker.m */ = {isa = PBXFileReference; fileEncoding = 4; lastKnownFileType = sourcecode.c.objc; path = MASConstraintMaker.m; sourceTree = "<group>"; };
		32C9991C1F136026005E6946 /* MASLayoutConstraint.h */ = {isa = PBXFileReference; fileEncoding = 4; lastKnownFileType = sourcecode.c.h; path = MASLayoutConstraint.h; sourceTree = "<group>"; };
		32C9991D1F136026005E6946 /* MASLayoutConstraint.m */ = {isa = PBXFileReference; fileEncoding = 4; lastKnownFileType = sourcecode.c.objc; path = MASLayoutConstraint.m; sourceTree = "<group>"; };
		32C9991E1F136026005E6946 /* Masonry.h */ = {isa = PBXFileReference; fileEncoding = 4; lastKnownFileType = sourcecode.c.h; path = Masonry.h; sourceTree = "<group>"; };
		32C9991F1F136026005E6946 /* MASUtilities.h */ = {isa = PBXFileReference; fileEncoding = 4; lastKnownFileType = sourcecode.c.h; path = MASUtilities.h; sourceTree = "<group>"; };
		32C999201F136026005E6946 /* MASViewAttribute.h */ = {isa = PBXFileReference; fileEncoding = 4; lastKnownFileType = sourcecode.c.h; path = MASViewAttribute.h; sourceTree = "<group>"; };
		32C999211F136026005E6946 /* MASViewAttribute.m */ = {isa = PBXFileReference; fileEncoding = 4; lastKnownFileType = sourcecode.c.objc; path = MASViewAttribute.m; sourceTree = "<group>"; };
		32C999221F136026005E6946 /* MASViewConstraint.h */ = {isa = PBXFileReference; fileEncoding = 4; lastKnownFileType = sourcecode.c.h; path = MASViewConstraint.h; sourceTree = "<group>"; };
		32C999231F136026005E6946 /* MASViewConstraint.m */ = {isa = PBXFileReference; fileEncoding = 4; lastKnownFileType = sourcecode.c.objc; path = MASViewConstraint.m; sourceTree = "<group>"; };
		32C999241F136026005E6946 /* NSArray+MASAdditions.h */ = {isa = PBXFileReference; fileEncoding = 4; lastKnownFileType = sourcecode.c.h; path = "NSArray+MASAdditions.h"; sourceTree = "<group>"; };
		32C999251F136026005E6946 /* NSArray+MASAdditions.m */ = {isa = PBXFileReference; fileEncoding = 4; lastKnownFileType = sourcecode.c.objc; path = "NSArray+MASAdditions.m"; sourceTree = "<group>"; };
		32C999261F136026005E6946 /* NSArray+MASShorthandAdditions.h */ = {isa = PBXFileReference; fileEncoding = 4; lastKnownFileType = sourcecode.c.h; path = "NSArray+MASShorthandAdditions.h"; sourceTree = "<group>"; };
		32C999271F136026005E6946 /* NSLayoutConstraint+MASDebugAdditions.h */ = {isa = PBXFileReference; fileEncoding = 4; lastKnownFileType = sourcecode.c.h; path = "NSLayoutConstraint+MASDebugAdditions.h"; sourceTree = "<group>"; };
		32C999281F136026005E6946 /* NSLayoutConstraint+MASDebugAdditions.m */ = {isa = PBXFileReference; fileEncoding = 4; lastKnownFileType = sourcecode.c.objc; path = "NSLayoutConstraint+MASDebugAdditions.m"; sourceTree = "<group>"; };
		32C999291F136026005E6946 /* View+MASAdditions.h */ = {isa = PBXFileReference; fileEncoding = 4; lastKnownFileType = sourcecode.c.h; path = "View+MASAdditions.h"; sourceTree = "<group>"; };
		32C9992A1F136026005E6946 /* View+MASAdditions.m */ = {isa = PBXFileReference; fileEncoding = 4; lastKnownFileType = sourcecode.c.objc; path = "View+MASAdditions.m"; sourceTree = "<group>"; };
		32C9992B1F136026005E6946 /* View+MASShorthandAdditions.h */ = {isa = PBXFileReference; fileEncoding = 4; lastKnownFileType = sourcecode.c.h; path = "View+MASShorthandAdditions.h"; sourceTree = "<group>"; };
		32C9992C1F136026005E6946 /* ViewController+MASAdditions.h */ = {isa = PBXFileReference; fileEncoding = 4; lastKnownFileType = sourcecode.c.h; path = "ViewController+MASAdditions.h"; sourceTree = "<group>"; };
		32C9992D1F136026005E6946 /* ViewController+MASAdditions.m */ = {isa = PBXFileReference; fileEncoding = 4; lastKnownFileType = sourcecode.c.objc; path = "ViewController+MASAdditions.m"; sourceTree = "<group>"; };
		32F6EB8C1F0A377100906BDD /* FMDatabase.h */ = {isa = PBXFileReference; fileEncoding = 4; lastKnownFileType = sourcecode.c.h; path = FMDatabase.h; sourceTree = "<group>"; };
		32F6EB8D1F0A377100906BDD /* FMDatabase.m */ = {isa = PBXFileReference; fileEncoding = 4; lastKnownFileType = sourcecode.c.objc; path = FMDatabase.m; sourceTree = "<group>"; };
		32F6EB8E1F0A377100906BDD /* FMDatabaseAdditions.h */ = {isa = PBXFileReference; fileEncoding = 4; lastKnownFileType = sourcecode.c.h; path = FMDatabaseAdditions.h; sourceTree = "<group>"; };
		32F6EB8F1F0A377100906BDD /* FMDatabaseAdditions.m */ = {isa = PBXFileReference; fileEncoding = 4; lastKnownFileType = sourcecode.c.objc; path = FMDatabaseAdditions.m; sourceTree = "<group>"; };
		32F6EB901F0A377100906BDD /* FMDatabasePool.h */ = {isa = PBXFileReference; fileEncoding = 4; lastKnownFileType = sourcecode.c.h; path = FMDatabasePool.h; sourceTree = "<group>"; };
		32F6EB911F0A377200906BDD /* FMDatabasePool.m */ = {isa = PBXFileReference; fileEncoding = 4; lastKnownFileType = sourcecode.c.objc; path = FMDatabasePool.m; sourceTree = "<group>"; };
		32F6EB921F0A377200906BDD /* FMDatabaseQueue.h */ = {isa = PBXFileReference; fileEncoding = 4; lastKnownFileType = sourcecode.c.h; path = FMDatabaseQueue.h; sourceTree = "<group>"; };
		32F6EB931F0A377200906BDD /* FMDatabaseQueue.m */ = {isa = PBXFileReference; fileEncoding = 4; lastKnownFileType = sourcecode.c.objc; path = FMDatabaseQueue.m; sourceTree = "<group>"; };
		32F6EB941F0A377200906BDD /* FMDB.h */ = {isa = PBXFileReference; fileEncoding = 4; lastKnownFileType = sourcecode.c.h; path = FMDB.h; sourceTree = "<group>"; };
		32F6EB951F0A377200906BDD /* FMResultSet.h */ = {isa = PBXFileReference; fileEncoding = 4; lastKnownFileType = sourcecode.c.h; path = FMResultSet.h; sourceTree = "<group>"; };
		32F6EB961F0A377200906BDD /* FMResultSet.m */ = {isa = PBXFileReference; fileEncoding = 4; lastKnownFileType = sourcecode.c.objc; path = FMResultSet.m; sourceTree = "<group>"; };
		32F6EB971F0A377200906BDD /* Info.plist */ = {isa = PBXFileReference; fileEncoding = 4; lastKnownFileType = text.plist.xml; path = Info.plist; sourceTree = "<group>"; };
		32F6EB9F1F0A378A00906BDD /* libsqlite3.0.tbd */ = {isa = PBXFileReference; lastKnownFileType = "sourcecode.text-based-dylib-definition"; name = libsqlite3.0.tbd; path = usr/lib/libsqlite3.0.tbd; sourceTree = SDKROOT; };
		32F6EBA11F0A384200906BDD /* FMDBHelp.h */ = {isa = PBXFileReference; fileEncoding = 4; lastKnownFileType = sourcecode.c.h; path = FMDBHelp.h; sourceTree = "<group>"; };
		32F6EBA21F0A384200906BDD /* FMDBHelp.m */ = {isa = PBXFileReference; fileEncoding = 4; lastKnownFileType = sourcecode.c.objc; path = FMDBHelp.m; sourceTree = "<group>"; };
/* End PBXFileReference section */

/* Begin PBXFrameworksBuildPhase section */
		322D57DE1F06481A001A5615 /* Frameworks */ = {
			isa = PBXFrameworksBuildPhase;
			buildActionMask = 2147483647;
			files = (
				32B5EBB21F219EEC00B8D5E2 /* libOlamiRecognizer.a in Frameworks */,
				32C998991F0CC1B7005E6946 /* CoreLocation.framework in Frameworks */,
				32F6EBA01F0A378A00906BDD /* libsqlite3.0.tbd in Frameworks */,
			);
			runOnlyForDeploymentPostprocessing = 0;
		};
/* End PBXFrameworksBuildPhase section */

/* Begin PBXGroup section */
		322D57D81F06481A001A5615 = {
			isa = PBXGroup;
			children = (
				32AFC6E91F1F06EB0032C1DB /* resource */,
				322D58031F065272001A5615 /* Helper */,
				322D57E31F06481A001A5615 /* RemoteControl */,
				322D57E41F06481A001A5615 /* Supporting Files */,
				322D57E21F06481A001A5615 /* Products */,
				32F6EB9E1F0A378A00906BDD /* Frameworks */,
			);
			sourceTree = "<group>";
		};
		322D57E21F06481A001A5615 /* Products */ = {
			isa = PBXGroup;
			children = (
				322D57E11F06481A001A5615 /* RemoteControl.app */,
			);
			name = Products;
			sourceTree = "<group>";
		};
		322D57E31F06481A001A5615 /* RemoteControl */ = {
			isa = PBXGroup;
			children = (
				32AFC7021F1F35FF0032C1DB /* Operator */,
				32C998D61F0F719B005E6946 /* SearchView */,
				322D57E71F06481A001A5615 /* AppDelegate.h */,
				322D57E81F06481A001A5615 /* AppDelegate.m */,
				322D57EA1F06481A001A5615 /* ViewController.h */,
				322D57EB1F06481A001A5615 /* ViewController.m */,
				32C998941F0B96EC005E6946 /* Macro.h */,
				322D57ED1F06481A001A5615 /* Main.storyboard */,
				322D57F31F06481A001A5615 /* Assets.xcassets */,
				322D57F51F06481A001A5615 /* LaunchScreen.storyboard */,
				322D57F81F06481A001A5615 /* Info.plist */,
				322D57F01F06481A001A5615 /* RemoteControl.xcdatamodeld */,
				32C9989D1F0CE3AE005E6946 /* RCHeaderChooseViewScrollView.h */,
				32C9989E1F0CE3AE005E6946 /* RCHeaderChooseViewScrollView.m */,
				32C998ED1F0F8875005E6946 /* NavigationView.h */,
				32C998EE1F0F8875005E6946 /* NavigationView.m */,
				32C998F01F13458B005E6946 /* ProgramSearchView.h */,
				32C998F11F13458B005E6946 /* ProgramSearchView.m */,
				32C998F31F134717005E6946 /* ProgramCollectionViewCell.h */,
				32C998F41F134717005E6946 /* ProgramCollectionViewCell.m */,
				32C998F61F134996005E6946 /* ScheduleCollectionViewCell.h */,
				32C998F71F134996005E6946 /* ScheduleCollectionViewCell.m */,
				32C998FC1F134B15005E6946 /* ScheduleMode.h */,
				32C998FD1F134B15005E6946 /* ScheduleMode.m */,
				32C999051F135201005E6946 /* ScheduleHeaderView.h */,
				32C999061F135201005E6946 /* ScheduleHeaderView.m */,
				32C998FF1F134FA6005E6946 /* SettingViewController.h */,
				32C999001F134FA6005E6946 /* SettingViewController.m */,
				32C999081F135A34005E6946 /* ContentView.h */,
				32C999091F135A34005E6946 /* ContentView.m */,
				32AFC71B1F1F53580032C1DB /* UserManager.h */,
				32AFC71C1F1F53580032C1DB /* UserManager.m */,
				32AFC75A1F205B300032C1DB /* VoiceView.h */,
				32AFC75B1F205B300032C1DB /* VoiceView.m */,
				32AFC7631F2078150032C1DB /* NumberView.h */,
				32AFC7641F2078150032C1DB /* NumberView.m */,
			);
			path = RemoteControl;
			sourceTree = "<group>";
		};
		322D57E41F06481A001A5615 /* Supporting Files */ = {
			isa = PBXGroup;
			children = (
				322D57E51F06481A001A5615 /* main.m */,
			);
			name = "Supporting Files";
			path = RemoteControl;
			sourceTree = "<group>";
		};
		322D58031F065272001A5615 /* Helper */ = {
			isa = PBXGroup;
			children = (
				32B5EBB01F219EEC00B8D5E2 /* libOlamiRecognizer.a */,
				32B5EBB11F219EEC00B8D5E2 /* OlamiRecognizer.h */,
				32AFC7141F1F4AAF0032C1DB /* MBProgressHUD */,
				320957C01F18AFBB00A927C2 /* test.json */,
				32C999131F136026005E6946 /* Masonry */,
				32F6EB8B1F0A377100906BDD /* fmdb */,
				322D58081F09DBDB001A5615 /* InfraredData.h */,
				322D58091F09DBDB001A5615 /* InfraredData.m */,
				322D580B1F09E1EE001A5615 /* TVProgramData.h */,
				322D580C1F09E1EE001A5615 /* TVProgramData.m */,
				322D58111F09E38E001A5615 /* CommonHeadFile.h */,
				322D58121F09E38E001A5615 /* CommonHeadFile.m */,
				32F6EBA11F0A384200906BDD /* FMDBHelp.h */,
				32F6EBA21F0A384200906BDD /* FMDBHelp.m */,
			);
			path = Helper;
			sourceTree = "<group>";
		};
		32AFC6E91F1F06EB0032C1DB /* resource */ = {
			isa = PBXGroup;
			children = (
				32AFC75D1F205D6D0032C1DB /* voiceBack.png */,
				32AFC75E1F205D6D0032C1DB /* voiceBack@2x.png */,
				32AFC75F1F205D6D0032C1DB /* voiceBack@3x.png */,
				32AFC73C1F2057E30032C1DB /* change.png */,
				32AFC73D1F2057E30032C1DB /* change@2x.png */,
				32AFC73E1F2057E30032C1DB /* change@3x.png */,
				32AFC73F1F2057E30032C1DB /* more.png */,
				32AFC7401F2057E30032C1DB /* more@2x.png */,
				32AFC7411F2057E30032C1DB /* more@3x.png */,
				32AFC7421F2057E30032C1DB /* speak.png */,
				32AFC7431F2057E30032C1DB /* speak@2x.png */,
				32AFC7441F2057E30032C1DB /* speak@3x.png */,
				32AFC7451F2057E30032C1DB /* switch.png */,
				32AFC7461F2057E30032C1DB /* switch@2x.png */,
				32AFC7471F2057E30032C1DB /* switch@3x.png */,
				32AFC7481F2057E30032C1DB /* volume.png */,
				32AFC7491F2057E30032C1DB /* volume@2x.png */,
				32AFC74A1F2057E30032C1DB /* volume@3x.png */,
				32AFC7301F2050FF0032C1DB /* rectangle12.png */,
				32AFC7311F2050FF0032C1DB /* rectangle12@2x.png */,
				32AFC7321F2050FF0032C1DB /* rectangle12@3x.png */,
				32AFC7331F2050FF0032C1DB /* searchIcon.png */,
				32AFC7341F2050FF0032C1DB /* searchIcon@2x.png */,
				32AFC7351F2050FF0032C1DB /* searchIcon@3x.png */,
				32AFC70E1F1F37760032C1DB /* circle.png */,
				32AFC70F1F1F37760032C1DB /* circle@2x.png */,
				32AFC7101F1F37760032C1DB /* circle@3x.png */,
				32AFC7081F1F376F0032C1DB /* float.png */,
				32AFC7091F1F376F0032C1DB /* float@2x.png */,
				32AFC70A1F1F376F0032C1DB /* float@3x.png */,
				32AFC6FC1F1F29070032C1DB /* combinedShape.png */,
				32AFC6FD1F1F29070032C1DB /* combinedShape@2x.png */,
				32AFC6FE1F1F29070032C1DB /* combinedShape@3x.png */,
				32AFC6F61F1F266A0032C1DB /* operator.png */,
				32AFC6F71F1F266A0032C1DB /* operator@2x.png */,
				32AFC6F81F1F266A0032C1DB /* operator@3x.png */,
			);
			path = resource;
			sourceTree = "<group>";
		};
		32AFC7021F1F35FF0032C1DB /* Operator */ = {
			isa = PBXGroup;
			children = (
				32C998951F0CBB92005E6946 /* OperatorVC.h */,
				32C998961F0CBB92005E6946 /* OperatorVC.m */,
				32AFC7031F1F36B10032C1DB /* OperatorViewCell.h */,
				32AFC7041F1F36B10032C1DB /* OperatorViewCell.m */,
				32AFC7051F1F36B10032C1DB /* OperatorViewCell.xib */,
				32AFC71E1F1F5D340032C1DB /* SelectOperatorVC.h */,
				32AFC71F1F1F5D340032C1DB /* SelectOperatorVC.m */,
			);
			name = Operator;
			sourceTree = "<group>";
		};
		32AFC7141F1F4AAF0032C1DB /* MBProgressHUD */ = {
			isa = PBXGroup;
			children = (
				32AFC7171F1F4AAF0032C1DB /* MBProgressHUD.h */,
				32AFC7181F1F4AAF0032C1DB /* MBProgressHUD.m */,
			);
			path = MBProgressHUD;
			sourceTree = "<group>";
		};
		32C998D61F0F719B005E6946 /* SearchView */ = {
			isa = PBXGroup;
			children = (
				32C998E51F0F78E3005E6946 /* SearchHistoryRecordfooter.h */,
				32C998E61F0F78E3005E6946 /* SearchHistoryRecordfooter.m */,
				32C998E71F0F78E3005E6946 /* SearchHistoryRecordfooter.xib */,
				32C998E81F0F78E3005E6946 /* SearchRecordTableViewCell.h */,
				32C998E91F0F78E3005E6946 /* SearchRecordTableViewCell.m */,
				32C998D91F0F719B005E6946 /* HotSearchCollectionViewCell.h */,
				32C998DA1F0F719B005E6946 /* HotSearchCollectionViewCell.m */,
				32C998DB1F0F719B005E6946 /* HotSearchCollectionViewCell.xib */,
				32C998DC1F0F719B005E6946 /* HotSearchTableViewCell.h */,
				32C998DD1F0F719B005E6946 /* HotSearchTableViewCell.m */,
				32C998DE1F0F719B005E6946 /* SearchView.h */,
				32C998DF1F0F719B005E6946 /* SearchView.m */,
				32AFC72D1F204D820032C1DB /* SearchTextField.h */,
				32AFC72E1F204D820032C1DB /* SearchTextField.m */,
			);
			path = SearchView;
			sourceTree = "<group>";
		};
		32C999131F136026005E6946 /* Masonry */ = {
			isa = PBXGroup;
			children = (
				32C999141F136026005E6946 /* Info.plist */,
				32C999151F136026005E6946 /* MASCompositeConstraint.h */,
				32C999161F136026005E6946 /* MASCompositeConstraint.m */,
				32C999171F136026005E6946 /* MASConstraint+Private.h */,
				32C999181F136026005E6946 /* MASConstraint.h */,
				32C999191F136026005E6946 /* MASConstraint.m */,
				32C9991A1F136026005E6946 /* MASConstraintMaker.h */,
				32C9991B1F136026005E6946 /* MASConstraintMaker.m */,
				32C9991C1F136026005E6946 /* MASLayoutConstraint.h */,
				32C9991D1F136026005E6946 /* MASLayoutConstraint.m */,
				32C9991E1F136026005E6946 /* Masonry.h */,
				32C9991F1F136026005E6946 /* MASUtilities.h */,
				32C999201F136026005E6946 /* MASViewAttribute.h */,
				32C999211F136026005E6946 /* MASViewAttribute.m */,
				32C999221F136026005E6946 /* MASViewConstraint.h */,
				32C999231F136026005E6946 /* MASViewConstraint.m */,
				32C999241F136026005E6946 /* NSArray+MASAdditions.h */,
				32C999251F136026005E6946 /* NSArray+MASAdditions.m */,
				32C999261F136026005E6946 /* NSArray+MASShorthandAdditions.h */,
				32C999271F136026005E6946 /* NSLayoutConstraint+MASDebugAdditions.h */,
				32C999281F136026005E6946 /* NSLayoutConstraint+MASDebugAdditions.m */,
				32C999291F136026005E6946 /* View+MASAdditions.h */,
				32C9992A1F136026005E6946 /* View+MASAdditions.m */,
				32C9992B1F136026005E6946 /* View+MASShorthandAdditions.h */,
				32C9992C1F136026005E6946 /* ViewController+MASAdditions.h */,
				32C9992D1F136026005E6946 /* ViewController+MASAdditions.m */,
			);
			path = Masonry;
			sourceTree = "<group>";
		};
		32F6EB8B1F0A377100906BDD /* fmdb */ = {
			isa = PBXGroup;
			children = (
				32F6EB8C1F0A377100906BDD /* FMDatabase.h */,
				32F6EB8D1F0A377100906BDD /* FMDatabase.m */,
				32F6EB8E1F0A377100906BDD /* FMDatabaseAdditions.h */,
				32F6EB8F1F0A377100906BDD /* FMDatabaseAdditions.m */,
				32F6EB901F0A377100906BDD /* FMDatabasePool.h */,
				32F6EB911F0A377200906BDD /* FMDatabasePool.m */,
				32F6EB921F0A377200906BDD /* FMDatabaseQueue.h */,
				32F6EB931F0A377200906BDD /* FMDatabaseQueue.m */,
				32F6EB941F0A377200906BDD /* FMDB.h */,
				32F6EB951F0A377200906BDD /* FMResultSet.h */,
				32F6EB961F0A377200906BDD /* FMResultSet.m */,
				32F6EB971F0A377200906BDD /* Info.plist */,
			);
			path = fmdb;
			sourceTree = "<group>";
		};
		32F6EB9E1F0A378A00906BDD /* Frameworks */ = {
			isa = PBXGroup;
			children = (
				32C998981F0CC1B7005E6946 /* CoreLocation.framework */,
				32F6EB9F1F0A378A00906BDD /* libsqlite3.0.tbd */,
			);
			name = Frameworks;
			sourceTree = "<group>";
		};
/* End PBXGroup section */

/* Begin PBXNativeTarget section */
		322D57E01F06481A001A5615 /* RemoteControl */ = {
			isa = PBXNativeTarget;
			buildConfigurationList = 322D57FB1F06481A001A5615 /* Build configuration list for PBXNativeTarget "RemoteControl" */;
			buildPhases = (
				322D57DD1F06481A001A5615 /* Sources */,
				322D57DE1F06481A001A5615 /* Frameworks */,
				322D57DF1F06481A001A5615 /* Resources */,
			);
			buildRules = (
			);
			dependencies = (
			);
			name = RemoteControl;
			productName = RemoteControl;
			productReference = 322D57E11F06481A001A5615 /* RemoteControl.app */;
			productType = "com.apple.product-type.application";
		};
/* End PBXNativeTarget section */

/* Begin PBXProject section */
		322D57D91F06481A001A5615 /* Project object */ = {
			isa = PBXProject;
			attributes = {
				LastUpgradeCheck = 0830;
				ORGANIZATIONNAME = "VIA Technologies, Inc. & OLAMI Team";
				TargetAttributes = {
					322D57E01F06481A001A5615 = {
						CreatedOnToolsVersion = 8.3.2;
						DevelopmentTeam = 3CAWU27LX9;
						ProvisioningStyle = Automatic;
					};
				};
			};
			buildConfigurationList = 322D57DC1F06481A001A5615 /* Build configuration list for PBXProject "RemoteControl" */;
			compatibilityVersion = "Xcode 3.2";
			developmentRegion = English;
			hasScannedForEncodings = 0;
			knownRegions = (
				en,
				Base,
			);
			mainGroup = 322D57D81F06481A001A5615;
			productRefGroup = 322D57E21F06481A001A5615 /* Products */;
			projectDirPath = "";
			projectRoot = "";
			targets = (
				322D57E01F06481A001A5615 /* RemoteControl */,
			);
		};
/* End PBXProject section */

/* Begin PBXResourcesBuildPhase section */
		322D57DF1F06481A001A5615 /* Resources */ = {
			isa = PBXResourcesBuildPhase;
			buildActionMask = 2147483647;
			files = (
				32AFC7511F2057E30032C1DB /* speak.png in Resources */,
				32C998E21F0F719B005E6946 /* HotSearchCollectionViewCell.xib in Resources */,
				32AFC7521F2057E30032C1DB /* speak@2x.png in Resources */,
				32AFC74B1F2057E30032C1DB /* change.png in Resources */,
				320957C11F18AFBB00A927C2 /* test.json in Resources */,
				32AFC70B1F1F376F0032C1DB /* float.png in Resources */,
				32AFC7011F1F29070032C1DB /* combinedShape@3x.png in Resources */,
				32AFC74C1F2057E30032C1DB /* change@2x.png in Resources */,
				32AFC7131F1F37760032C1DB /* circle@3x.png in Resources */,
				32AFC7571F2057E30032C1DB /* volume.png in Resources */,
				32C9992E1F136026005E6946 /* Info.plist in Resources */,
				32AFC7601F205D6D0032C1DB /* voiceBack.png in Resources */,
				322D57F71F06481A001A5615 /* LaunchScreen.storyboard in Resources */,
				32AFC7541F2057E30032C1DB /* switch.png in Resources */,
				32AFC7381F2050FF0032C1DB /* rectangle12@3x.png in Resources */,
				32AFC73B1F2050FF0032C1DB /* searchIcon@3x.png in Resources */,
				32AFC74E1F2057E30032C1DB /* more.png in Resources */,
				32AFC6FA1F1F266A0032C1DB /* operator@2x.png in Resources */,
				32AFC7581F2057E30032C1DB /* volume@2x.png in Resources */,
				32AFC6FB1F1F266A0032C1DB /* operator@3x.png in Resources */,
				32AFC7111F1F37760032C1DB /* circle.png in Resources */,
				32AFC73A1F2050FF0032C1DB /* searchIcon@2x.png in Resources */,
				32AFC7501F2057E30032C1DB /* more@3x.png in Resources */,
				32F6EB9D1F0A377200906BDD /* Info.plist in Resources */,
				32C998EB1F0F78E3005E6946 /* SearchHistoryRecordfooter.xib in Resources */,
				32AFC7361F2050FF0032C1DB /* rectangle12.png in Resources */,
				322D57F41F06481A001A5615 /* Assets.xcassets in Resources */,
				32AFC7071F1F36B10032C1DB /* OperatorViewCell.xib in Resources */,
				32AFC7611F205D6D0032C1DB /* voiceBack@2x.png in Resources */,
				32AFC6F91F1F266A0032C1DB /* operator.png in Resources */,
				32AFC7621F205D6D0032C1DB /* voiceBack@3x.png in Resources */,
				32AFC7531F2057E30032C1DB /* speak@3x.png in Resources */,
				32AFC7561F2057E30032C1DB /* switch@3x.png in Resources */,
				32AFC74D1F2057E30032C1DB /* change@3x.png in Resources */,
				32AFC7591F2057E30032C1DB /* volume@3x.png in Resources */,
				32AFC7551F2057E30032C1DB /* switch@2x.png in Resources */,
				32AFC6FF1F1F29070032C1DB /* combinedShape.png in Resources */,
				32AFC70D1F1F376F0032C1DB /* float@3x.png in Resources */,
				32AFC7391F2050FF0032C1DB /* searchIcon.png in Resources */,
				32AFC7371F2050FF0032C1DB /* rectangle12@2x.png in Resources */,
				32AFC74F1F2057E30032C1DB /* more@2x.png in Resources */,
				32AFC7121F1F37760032C1DB /* circle@2x.png in Resources */,
				32AFC7001F1F29070032C1DB /* combinedShape@2x.png in Resources */,
				322D57EF1F06481A001A5615 /* Main.storyboard in Resources */,
				32AFC70C1F1F376F0032C1DB /* float@2x.png in Resources */,
			);
			runOnlyForDeploymentPostprocessing = 0;
		};
/* End PBXResourcesBuildPhase section */

/* Begin PBXSourcesBuildPhase section */
		322D57DD1F06481A001A5615 /* Sources */ = {
			isa = PBXSourcesBuildPhase;
			buildActionMask = 2147483647;
			files = (
				32C998FE1F134B15005E6946 /* ScheduleMode.m in Sources */,
				32C999351F136026005E6946 /* NSArray+MASAdditions.m in Sources */,
				32C999371F136026005E6946 /* View+MASAdditions.m in Sources */,
				322D57EC1F06481A001A5615 /* ViewController.m in Sources */,
				32C999341F136026005E6946 /* MASViewConstraint.m in Sources */,
				32F6EB9A1F0A377200906BDD /* FMDatabasePool.m in Sources */,
				32AFC72F1F204D820032C1DB /* SearchTextField.m in Sources */,
				32C999071F135201005E6946 /* ScheduleHeaderView.m in Sources */,
				32F6EB9C1F0A377200906BDD /* FMResultSet.m in Sources */,
				32C998F51F134717005E6946 /* ProgramCollectionViewCell.m in Sources */,
				322D57E91F06481A001A5615 /* AppDelegate.m in Sources */,
				32AFC7651F2078150032C1DB /* NumberView.m in Sources */,
				32C998F81F134996005E6946 /* ScheduleCollectionViewCell.m in Sources */,
				32C998EC1F0F78E3005E6946 /* SearchRecordTableViewCell.m in Sources */,
				32C998EA1F0F78E3005E6946 /* SearchHistoryRecordfooter.m in Sources */,
				32AFC71A1F1F4AAF0032C1DB /* MBProgressHUD.m in Sources */,
				32C998EF1F0F8875005E6946 /* NavigationView.m in Sources */,
				32F6EB9B1F0A377200906BDD /* FMDatabaseQueue.m in Sources */,
				32F6EBA31F0A384200906BDD /* FMDBHelp.m in Sources */,
				32C999331F136026005E6946 /* MASViewAttribute.m in Sources */,
				32AFC7201F1F5D340032C1DB /* SelectOperatorVC.m in Sources */,
				32C999321F136026005E6946 /* MASLayoutConstraint.m in Sources */,
				32C9992F1F136026005E6946 /* MASCompositeConstraint.m in Sources */,
				32AFC7061F1F36B10032C1DB /* OperatorViewCell.m in Sources */,
				32AFC75C1F205B300032C1DB /* VoiceView.m in Sources */,
				32C998E41F0F719B005E6946 /* SearchView.m in Sources */,
				32F6EB981F0A377200906BDD /* FMDatabase.m in Sources */,
				32C999361F136026005E6946 /* NSLayoutConstraint+MASDebugAdditions.m in Sources */,
				322D57E61F06481A001A5615 /* main.m in Sources */,
				32AFC71D1F1F53580032C1DB /* UserManager.m in Sources */,
				322D580A1F09DBDB001A5615 /* InfraredData.m in Sources */,
				32C999311F136026005E6946 /* MASConstraintMaker.m in Sources */,
				32C998E11F0F719B005E6946 /* HotSearchCollectionViewCell.m in Sources */,
				322D57F21F06481A001A5615 /* RemoteControl.xcdatamodeld in Sources */,
				32C998F21F13458B005E6946 /* ProgramSearchView.m in Sources */,
				32C999381F136026005E6946 /* ViewController+MASAdditions.m in Sources */,
				32F6EB991F0A377200906BDD /* FMDatabaseAdditions.m in Sources */,
				32C9989F1F0CE3AE005E6946 /* RCHeaderChooseViewScrollView.m in Sources */,
				32C998971F0CBB92005E6946 /* OperatorVC.m in Sources */,
				32C998E31F0F719B005E6946 /* HotSearchTableViewCell.m in Sources */,
				322D58131F09E38E001A5615 /* CommonHeadFile.m in Sources */,
				322D580D1F09E1EE001A5615 /* TVProgramData.m in Sources */,
				32C9990A1F135A34005E6946 /* ContentView.m in Sources */,
				32C999301F136026005E6946 /* MASConstraint.m in Sources */,
				32C999011F134FA6005E6946 /* SettingViewController.m in Sources */,
			);
			runOnlyForDeploymentPostprocessing = 0;
		};
/* End PBXSourcesBuildPhase section */

/* Begin PBXVariantGroup section */
		322D57ED1F06481A001A5615 /* Main.storyboard */ = {
			isa = PBXVariantGroup;
			children = (
				322D57EE1F06481A001A5615 /* Base */,
			);
			name = Main.storyboard;
			sourceTree = "<group>";
		};
		322D57F51F06481A001A5615 /* LaunchScreen.storyboard */ = {
			isa = PBXVariantGroup;
			children = (
				322D57F61F06481A001A5615 /* Base */,
			);
			name = LaunchScreen.storyboard;
			sourceTree = "<group>";
		};
/* End PBXVariantGroup section */

/* Begin XCBuildConfiguration section */
		322D57F91F06481A001A5615 /* Debug */ = {
			isa = XCBuildConfiguration;
			buildSettings = {
				ALWAYS_SEARCH_USER_PATHS = NO;
				CLANG_ANALYZER_NONNULL = YES;
				CLANG_ANALYZER_NUMBER_OBJECT_CONVERSION = YES_AGGRESSIVE;
				CLANG_CXX_LANGUAGE_STANDARD = "gnu++0x";
				CLANG_CXX_LIBRARY = "libc++";
				CLANG_ENABLE_MODULES = YES;
				CLANG_ENABLE_OBJC_ARC = YES;
				CLANG_WARN_BOOL_CONVERSION = YES;
				CLANG_WARN_CONSTANT_CONVERSION = YES;
				CLANG_WARN_DIRECT_OBJC_ISA_USAGE = YES_ERROR;
				CLANG_WARN_DOCUMENTATION_COMMENTS = YES;
				CLANG_WARN_EMPTY_BODY = YES;
				CLANG_WARN_ENUM_CONVERSION = YES;
				CLANG_WARN_INFINITE_RECURSION = YES;
				CLANG_WARN_INT_CONVERSION = YES;
				CLANG_WARN_OBJC_ROOT_CLASS = YES_ERROR;
				CLANG_WARN_SUSPICIOUS_MOVE = YES;
				CLANG_WARN_UNREACHABLE_CODE = YES;
				CLANG_WARN__DUPLICATE_METHOD_MATCH = YES;
				"CODE_SIGN_IDENTITY[sdk=iphoneos*]" = "iPhone Developer";
				COPY_PHASE_STRIP = NO;
				DEBUG_INFORMATION_FORMAT = dwarf;
				ENABLE_STRICT_OBJC_MSGSEND = YES;
				ENABLE_TESTABILITY = YES;
				GCC_C_LANGUAGE_STANDARD = gnu99;
				GCC_DYNAMIC_NO_PIC = NO;
				GCC_NO_COMMON_BLOCKS = YES;
				GCC_OPTIMIZATION_LEVEL = 0;
				GCC_PREPROCESSOR_DEFINITIONS = (
					"DEBUG=1",
					"$(inherited)",
				);
				GCC_WARN_64_TO_32_BIT_CONVERSION = YES;
				GCC_WARN_ABOUT_RETURN_TYPE = YES_ERROR;
				GCC_WARN_UNDECLARED_SELECTOR = YES;
				GCC_WARN_UNINITIALIZED_AUTOS = YES_AGGRESSIVE;
				GCC_WARN_UNUSED_FUNCTION = YES;
				GCC_WARN_UNUSED_VARIABLE = YES;
				IPHONEOS_DEPLOYMENT_TARGET = 10.3;
				MTL_ENABLE_DEBUG_INFO = YES;
				ONLY_ACTIVE_ARCH = YES;
				SDKROOT = iphoneos;
			};
			name = Debug;
		};
		322D57FA1F06481A001A5615 /* Release */ = {
			isa = XCBuildConfiguration;
			buildSettings = {
				ALWAYS_SEARCH_USER_PATHS = NO;
				CLANG_ANALYZER_NONNULL = YES;
				CLANG_ANALYZER_NUMBER_OBJECT_CONVERSION = YES_AGGRESSIVE;
				CLANG_CXX_LANGUAGE_STANDARD = "gnu++0x";
				CLANG_CXX_LIBRARY = "libc++";
				CLANG_ENABLE_MODULES = YES;
				CLANG_ENABLE_OBJC_ARC = YES;
				CLANG_WARN_BOOL_CONVERSION = YES;
				CLANG_WARN_CONSTANT_CONVERSION = YES;
				CLANG_WARN_DIRECT_OBJC_ISA_USAGE = YES_ERROR;
				CLANG_WARN_DOCUMENTATION_COMMENTS = YES;
				CLANG_WARN_EMPTY_BODY = YES;
				CLANG_WARN_ENUM_CONVERSION = YES;
				CLANG_WARN_INFINITE_RECURSION = YES;
				CLANG_WARN_INT_CONVERSION = YES;
				CLANG_WARN_OBJC_ROOT_CLASS = YES_ERROR;
				CLANG_WARN_SUSPICIOUS_MOVE = YES;
				CLANG_WARN_UNREACHABLE_CODE = YES;
				CLANG_WARN__DUPLICATE_METHOD_MATCH = YES;
				"CODE_SIGN_IDENTITY[sdk=iphoneos*]" = "iPhone Developer";
				COPY_PHASE_STRIP = NO;
				DEBUG_INFORMATION_FORMAT = "dwarf-with-dsym";
				ENABLE_NS_ASSERTIONS = NO;
				ENABLE_STRICT_OBJC_MSGSEND = YES;
				GCC_C_LANGUAGE_STANDARD = gnu99;
				GCC_NO_COMMON_BLOCKS = YES;
				GCC_WARN_64_TO_32_BIT_CONVERSION = YES;
				GCC_WARN_ABOUT_RETURN_TYPE = YES_ERROR;
				GCC_WARN_UNDECLARED_SELECTOR = YES;
				GCC_WARN_UNINITIALIZED_AUTOS = YES_AGGRESSIVE;
				GCC_WARN_UNUSED_FUNCTION = YES;
				GCC_WARN_UNUSED_VARIABLE = YES;
				IPHONEOS_DEPLOYMENT_TARGET = 10.3;
				MTL_ENABLE_DEBUG_INFO = NO;
				SDKROOT = iphoneos;
				VALIDATE_PRODUCT = YES;
			};
			name = Release;
		};
		322D57FC1F06481A001A5615 /* Debug */ = {
			isa = XCBuildConfiguration;
			buildSettings = {
				ASSETCATALOG_COMPILER_APPICON_NAME = AppIcon;
				DEVELOPMENT_TEAM = 3CAWU27LX9;
				HEADER_SEARCH_PATHS = /usr/include/libxml2;
				INFOPLIST_FILE = RemoteControl/Info.plist;
				IPHONEOS_DEPLOYMENT_TARGET = 8.0;
				LD_RUNPATH_SEARCH_PATHS = "$(inherited) @executable_path/Frameworks";
				LIBRARY_SEARCH_PATHS = (
					"$(inherited)",
					"$(PROJECT_DIR)/Helper",
				);
				OTHER_LDFLAGS = "-lxml2";
				PRODUCT_BUNDLE_IDENTIFIER = ai.olami.RemoteControl;
				PRODUCT_NAME = "$(TARGET_NAME)";
			};
			name = Debug;
		};
		322D57FD1F06481A001A5615 /* Release */ = {
			isa = XCBuildConfiguration;
			buildSettings = {
				ASSETCATALOG_COMPILER_APPICON_NAME = AppIcon;
				DEVELOPMENT_TEAM = 3CAWU27LX9;
				HEADER_SEARCH_PATHS = /usr/include/libxml2;
				INFOPLIST_FILE = RemoteControl/Info.plist;
				IPHONEOS_DEPLOYMENT_TARGET = 8.0;
				LD_RUNPATH_SEARCH_PATHS = "$(inherited) @executable_path/Frameworks";
				LIBRARY_SEARCH_PATHS = (
					"$(inherited)",
					"$(PROJECT_DIR)/Helper",
				);
				OTHER_LDFLAGS = "-lxml2";
				PRODUCT_BUNDLE_IDENTIFIER = ai.olami.RemoteControl;
				PRODUCT_NAME = "$(TARGET_NAME)";
			};
			name = Release;
		};
/* End XCBuildConfiguration section */

/* Begin XCConfigurationList section */
		322D57DC1F06481A001A5615 /* Build configuration list for PBXProject "RemoteControl" */ = {
			isa = XCConfigurationList;
			buildConfigurations = (
				322D57F91F06481A001A5615 /* Debug */,
				322D57FA1F06481A001A5615 /* Release */,
			);
			defaultConfigurationIsVisible = 0;
			defaultConfigurationName = Release;
		};
		322D57FB1F06481A001A5615 /* Build configuration list for PBXNativeTarget "RemoteControl" */ = {
			isa = XCConfigurationList;
			buildConfigurations = (
				322D57FC1F06481A001A5615 /* Debug */,
				322D57FD1F06481A001A5615 /* Release */,
			);
			defaultConfigurationIsVisible = 0;
			defaultConfigurationName = Release;
		};
/* End XCConfigurationList section */

/* Begin XCVersionGroup section */
		322D57F01F06481A001A5615 /* RemoteControl.xcdatamodeld */ = {
			isa = XCVersionGroup;
			children = (
				322D57F11F06481A001A5615 /* RemoteControl.xcdatamodel */,
			);
			currentVersion = 322D57F11F06481A001A5615 /* RemoteControl.xcdatamodel */;
			path = RemoteControl.xcdatamodeld;
			sourceTree = "<group>";
			versionGroupType = wrapper.xcdatamodel;
		};
/* End XCVersionGroup section */
	};
	rootObject = 322D57D91F06481A001A5615 /* Project object */;
}
